// !$*UTF8*$!
{
	archiveVersion = 1;
	classes = {
	};
	objectVersion = 46;
	objects = {

/* Begin PBXBuildFile section */
		C910A6F3189733ED001D222D /* ActivityTableViewModel.m in Sources */ = {isa = PBXBuildFile; fileRef = C910A6F2189733ED001D222D /* ActivityTableViewModel.m */; };
		C92B9DDB189752DC0099C22D /* CacheManager.m in Sources */ = {isa = PBXBuildFile; fileRef = C92B9DDA189752DC0099C22D /* CacheManager.m */; };
		C944E26E18A179F4002D07CD /* HHCollapsiblePostCell.m in Sources */ = {isa = PBXBuildFile; fileRef = C944E26D18A179F4002D07CD /* HHCollapsiblePostCell.m */; };
		C944E27218A180C0002D07CD /* HHCollapsiblePostCellActionsView.m in Sources */ = {isa = PBXBuildFile; fileRef = C944E27118A180C0002D07CD /* HHCollapsiblePostCellActionsView.m */; };
		C944E27518A18310002D07CD /* NSMutableArray+HHActionButtons.m in Sources */ = {isa = PBXBuildFile; fileRef = C944E27418A18310002D07CD /* NSMutableArray+HHActionButtons.m */; };
		C96D227D1895BD80001BFA57 /* WebNewsDataHandler.m in Sources */ = {isa = PBXBuildFile; fileRef = C96D227C1895BD80001BFA57 /* WebNewsDataHandler.m */; };
		C96D22801895CC08001BFA57 /* Post.m in Sources */ = {isa = PBXBuildFile; fileRef = C96D227F1895CC08001BFA57 /* Post.m */; };
		C96D22831895CD7B001BFA57 /* User.m in Sources */ = {isa = PBXBuildFile; fileRef = C96D22821895CD7B001BFA57 /* User.m */; };
		C96D22871895CDBC001BFA57 /* Preferences.m in Sources */ = {isa = PBXBuildFile; fileRef = C96D22861895CDBC001BFA57 /* Preferences.m */; };
		C96D228A1895D550001BFA57 /* ActivityThread.m in Sources */ = {isa = PBXBuildFile; fileRef = C96D22891895D550001BFA57 /* ActivityThread.m */; };
		C96D228D18960320001BFA57 /* ActivityThreadCell.m in Sources */ = {isa = PBXBuildFile; fileRef = C96D228C18960320001BFA57 /* ActivityThreadCell.m */; };
		C96D22A2189607F2001BFA57 /* AFHTTPRequestOperation.m in Sources */ = {isa = PBXBuildFile; fileRef = C96D2290189607F2001BFA57 /* AFHTTPRequestOperation.m */; };
		C96D22A3189607F2001BFA57 /* AFHTTPRequestOperationManager.m in Sources */ = {isa = PBXBuildFile; fileRef = C96D2292189607F2001BFA57 /* AFHTTPRequestOperationManager.m */; };
		C96D22A4189607F2001BFA57 /* AFHTTPSessionManager.m in Sources */ = {isa = PBXBuildFile; fileRef = C96D2294189607F2001BFA57 /* AFHTTPSessionManager.m */; };
		C96D22A5189607F2001BFA57 /* AFNetworkReachabilityManager.m in Sources */ = {isa = PBXBuildFile; fileRef = C96D2297189607F2001BFA57 /* AFNetworkReachabilityManager.m */; };
		C96D22A6189607F2001BFA57 /* AFSecurityPolicy.m in Sources */ = {isa = PBXBuildFile; fileRef = C96D2299189607F2001BFA57 /* AFSecurityPolicy.m */; };
		C96D22A7189607F2001BFA57 /* AFURLConnectionOperation.m in Sources */ = {isa = PBXBuildFile; fileRef = C96D229B189607F2001BFA57 /* AFURLConnectionOperation.m */; };
		C96D22A8189607F2001BFA57 /* AFURLRequestSerialization.m in Sources */ = {isa = PBXBuildFile; fileRef = C96D229D189607F2001BFA57 /* AFURLRequestSerialization.m */; };
		C96D22A9189607F2001BFA57 /* AFURLResponseSerialization.m in Sources */ = {isa = PBXBuildFile; fileRef = C96D229F189607F2001BFA57 /* AFURLResponseSerialization.m */; };
		C96D22AA189607F2001BFA57 /* AFURLSessionManager.m in Sources */ = {isa = PBXBuildFile; fileRef = C96D22A1189607F2001BFA57 /* AFURLSessionManager.m */; };
		C97DD33018A29D4900D1B9B7 /* HHThreadScrollView.m in Sources */ = {isa = PBXBuildFile; fileRef = C97DD32F18A29D4900D1B9B7 /* HHThreadScrollView.m */; };
		C97DD33318A2A08000D1B9B7 /* ThreadPostsViewController.m in Sources */ = {isa = PBXBuildFile; fileRef = C97DD33218A2A08000D1B9B7 /* ThreadPostsViewController.m */; };
		C9C9484418985C0C00599E74 /* NewsgroupThreadsViewController.m in Sources */ = {isa = PBXBuildFile; fileRef = C9C9484318985C0C00599E74 /* NewsgroupThreadsViewController.m */; };
		C9C9484818985D9B00599E74 /* NewsgroupThread.m in Sources */ = {isa = PBXBuildFile; fileRef = C9C9484718985D9B00599E74 /* NewsgroupThread.m */; };
		C9C9484B1898690800599E74 /* NewsgroupThreadListTableViewModel.m in Sources */ = {isa = PBXBuildFile; fileRef = C9C9484A1898690800599E74 /* NewsgroupThreadListTableViewModel.m */; };
		C9C9485418987B5E00599E74 /* ThreadDetailViewController.m in Sources */ = {isa = PBXBuildFile; fileRef = C9C9485318987B5E00599E74 /* ThreadDetailViewController.m */; };
		C9C9485718987CA400599E74 /* ThreadDetailTableViewModel.m in Sources */ = {isa = PBXBuildFile; fileRef = C9C9485618987CA400599E74 /* ThreadDetailTableViewModel.m */; };
		C9C9485C189892AA00599E74 /* Images.xcassets in Resources */ = {isa = PBXBuildFile; fileRef = C9C9485B189892AA00599E74 /* Images.xcassets */; };
		C9D6F9F01898406C00004E3B /* NewsgroupsViewController.m in Sources */ = {isa = PBXBuildFile; fileRef = C9D6F9EF1898406C00004E3B /* NewsgroupsViewController.m */; };
		C9D6F9F5189840FE00004E3B /* NewsgroupOutline.m in Sources */ = {isa = PBXBuildFile; fileRef = C9D6F9F4189840FE00004E3B /* NewsgroupOutline.m */; };
		C9D6F9F81898498D00004E3B /* NewsgroupOutlineTableViewModel.m in Sources */ = {isa = PBXBuildFile; fileRef = C9D6F9F71898498D00004E3B /* NewsgroupOutlineTableViewModel.m */; };
		C9D6F9FB18984EDF00004E3B /* NSNull+TypeAdditions.m in Sources */ = {isa = PBXBuildFile; fileRef = C9D6F9FA18984EDF00004E3B /* NSNull+TypeAdditions.m */; };
		DC0FC96417EC230700945EEC /* APIKeyViewController.m in Sources */ = {isa = PBXBuildFile; fileRef = DC0FC96317EC230700945EEC /* APIKeyViewController.m */; };
		DC22B1A517EBAFBC00E328DE /* PDKeychainBindings.m in Sources */ = {isa = PBXBuildFile; fileRef = DC22B1A217EBAFBC00E328DE /* PDKeychainBindings.m */; };
		DC22B1A617EBAFBC00E328DE /* PDKeychainBindingsController.m in Sources */ = {isa = PBXBuildFile; fileRef = DC22B1A417EBAFBC00E328DE /* PDKeychainBindingsController.m */; };
		DC22B1A917EBB00600E328DE /* SettingsViewController.m in Sources */ = {isa = PBXBuildFile; fileRef = DC22B1A817EBB00600E328DE /* SettingsViewController.m */; };
		DC22B1AD17EBDFD800E328DE /* ISO8601DateFormatter.m in Sources */ = {isa = PBXBuildFile; fileRef = DC22B1AC17EBDFD800E328DE /* ISO8601DateFormatter.m */; };
		DC9D24A2180BB2B10034E02B /* NSDictionary+Merge.m in Sources */ = {isa = PBXBuildFile; fileRef = DC9D24A1180BB2B10034E02B /* NSDictionary+Merge.m */; };
		DCBE062417E000F1007BBF4C /* UIView+Positioning.m in Sources */ = {isa = PBXBuildFile; fileRef = DCBE062317E000F1007BBF4C /* UIView+Positioning.m */; };
		DCCAB04217EAB3CD004B683B /* CFNetwork.framework in Frameworks */ = {isa = PBXBuildFile; fileRef = DCCAB04117EAB3CD004B683B /* CFNetwork.framework */; };
		DCCAB04417EAB3D3004B683B /* SystemConfiguration.framework in Frameworks */ = {isa = PBXBuildFile; fileRef = DCCAB04317EAB3D3004B683B /* SystemConfiguration.framework */; };
		DCCAB04617EAB3DA004B683B /* CoreData.framework in Frameworks */ = {isa = PBXBuildFile; fileRef = DCCAB04517EAB3DA004B683B /* CoreData.framework */; };
		DCCAB04817EAB3E5004B683B /* MobileCoreServices.framework in Frameworks */ = {isa = PBXBuildFile; fileRef = DCCAB04717EAB3E5004B683B /* MobileCoreServices.framework */; };
		DCCAB04A17EAB3E9004B683B /* Security.framework in Frameworks */ = {isa = PBXBuildFile; fileRef = DCCAB04917EAB3E9004B683B /* Security.framework */; };
		DCF26DD917CD617C0073DA19 /* Foundation.framework in Frameworks */ = {isa = PBXBuildFile; fileRef = DCF26DD817CD617C0073DA19 /* Foundation.framework */; };
		DCF26DDB17CD617C0073DA19 /* CoreGraphics.framework in Frameworks */ = {isa = PBXBuildFile; fileRef = DCF26DDA17CD617C0073DA19 /* CoreGraphics.framework */; };
		DCF26DDD17CD617C0073DA19 /* UIKit.framework in Frameworks */ = {isa = PBXBuildFile; fileRef = DCF26DDC17CD617C0073DA19 /* UIKit.framework */; };
		DCF26DE317CD617C0073DA19 /* InfoPlist.strings in Resources */ = {isa = PBXBuildFile; fileRef = DCF26DE117CD617C0073DA19 /* InfoPlist.strings */; };
		DCF26DE517CD617C0073DA19 /* main.m in Sources */ = {isa = PBXBuildFile; fileRef = DCF26DE417CD617C0073DA19 /* main.m */; };
		DCF26DE917CD617C0073DA19 /* AppDelegate.m in Sources */ = {isa = PBXBuildFile; fileRef = DCF26DE817CD617C0073DA19 /* AppDelegate.m */; };
		DCF26DF217CD617C0073DA19 /* XCTest.framework in Frameworks */ = {isa = PBXBuildFile; fileRef = DCF26DF117CD617C0073DA19 /* XCTest.framework */; };
		DCF26DF317CD617C0073DA19 /* Foundation.framework in Frameworks */ = {isa = PBXBuildFile; fileRef = DCF26DD817CD617C0073DA19 /* Foundation.framework */; };
		DCF26DF417CD617C0073DA19 /* UIKit.framework in Frameworks */ = {isa = PBXBuildFile; fileRef = DCF26DDC17CD617C0073DA19 /* UIKit.framework */; };
		DCF26DFC17CD617C0073DA19 /* InfoPlist.strings in Resources */ = {isa = PBXBuildFile; fileRef = DCF26DFA17CD617C0073DA19 /* InfoPlist.strings */; };
		DCF26DFE17CD617C0073DA19 /* CSH_WebNewsTests.m in Sources */ = {isa = PBXBuildFile; fileRef = DCF26DFD17CD617C0073DA19 /* CSH_WebNewsTests.m */; };
		DCF26E0917CD62830073DA19 /* ActivityViewController.m in Sources */ = {isa = PBXBuildFile; fileRef = DCF26E0817CD62830073DA19 /* ActivityViewController.m */; };
/* End PBXBuildFile section */

/* Begin PBXContainerItemProxy section */
		DCF26DF517CD617C0073DA19 /* PBXContainerItemProxy */ = {
			isa = PBXContainerItemProxy;
			containerPortal = DCF26DCD17CD617C0073DA19 /* Project object */;
			proxyType = 1;
			remoteGlobalIDString = DCF26DD417CD617C0073DA19;
			remoteInfo = "CSH WebNews";
		};
/* End PBXContainerItemProxy section */

/* Begin PBXFileReference section */
		C910A6F1189733ED001D222D /* ActivityTableViewModel.h */ = {isa = PBXFileReference; fileEncoding = 4; lastKnownFileType = sourcecode.c.h; path = ActivityTableViewModel.h; sourceTree = "<group>"; };
		C910A6F2189733ED001D222D /* ActivityTableViewModel.m */ = {isa = PBXFileReference; fileEncoding = 4; lastKnownFileType = sourcecode.c.objc; path = ActivityTableViewModel.m; sourceTree = "<group>"; };
		C92B9DD9189752DC0099C22D /* CacheManager.h */ = {isa = PBXFileReference; fileEncoding = 4; lastKnownFileType = sourcecode.c.h; path = CacheManager.h; sourceTree = "<group>"; };
		C92B9DDA189752DC0099C22D /* CacheManager.m */ = {isa = PBXFileReference; fileEncoding = 4; lastKnownFileType = sourcecode.c.objc; path = CacheManager.m; sourceTree = "<group>"; };
		C944E26C18A179F4002D07CD /* HHCollapsiblePostCell.h */ = {isa = PBXFileReference; fileEncoding = 4; lastKnownFileType = sourcecode.c.h; path = HHCollapsiblePostCell.h; sourceTree = "<group>"; };
		C944E26D18A179F4002D07CD /* HHCollapsiblePostCell.m */ = {isa = PBXFileReference; fileEncoding = 4; lastKnownFileType = sourcecode.c.objc; path = HHCollapsiblePostCell.m; sourceTree = "<group>"; };
		C944E27018A180C0002D07CD /* HHCollapsiblePostCellActionsView.h */ = {isa = PBXFileReference; fileEncoding = 4; lastKnownFileType = sourcecode.c.h; path = HHCollapsiblePostCellActionsView.h; sourceTree = "<group>"; };
		C944E27118A180C0002D07CD /* HHCollapsiblePostCellActionsView.m */ = {isa = PBXFileReference; fileEncoding = 4; lastKnownFileType = sourcecode.c.objc; path = HHCollapsiblePostCellActionsView.m; sourceTree = "<group>"; };
		C944E27318A18310002D07CD /* NSMutableArray+HHActionButtons.h */ = {isa = PBXFileReference; fileEncoding = 4; lastKnownFileType = sourcecode.c.h; path = "NSMutableArray+HHActionButtons.h"; sourceTree = "<group>"; };
		C944E27418A18310002D07CD /* NSMutableArray+HHActionButtons.m */ = {isa = PBXFileReference; fileEncoding = 4; lastKnownFileType = sourcecode.c.objc; path = "NSMutableArray+HHActionButtons.m"; sourceTree = "<group>"; };
		C96D227B1895BD80001BFA57 /* WebNewsDataHandler.h */ = {isa = PBXFileReference; fileEncoding = 4; lastKnownFileType = sourcecode.c.h; path = WebNewsDataHandler.h; sourceTree = "<group>"; };
		C96D227C1895BD80001BFA57 /* WebNewsDataHandler.m */ = {isa = PBXFileReference; fileEncoding = 4; lastKnownFileType = sourcecode.c.objc; path = WebNewsDataHandler.m; sourceTree = "<group>"; };
		C96D227E1895CC08001BFA57 /* Post.h */ = {isa = PBXFileReference; fileEncoding = 4; lastKnownFileType = sourcecode.c.h; path = Post.h; sourceTree = "<group>"; };
		C96D227F1895CC08001BFA57 /* Post.m */ = {isa = PBXFileReference; fileEncoding = 4; lastKnownFileType = sourcecode.c.objc; path = Post.m; sourceTree = "<group>"; };
		C96D22811895CD7B001BFA57 /* User.h */ = {isa = PBXFileReference; fileEncoding = 4; lastKnownFileType = sourcecode.c.h; path = User.h; sourceTree = "<group>"; };
		C96D22821895CD7B001BFA57 /* User.m */ = {isa = PBXFileReference; fileEncoding = 4; lastKnownFileType = sourcecode.c.objc; path = User.m; sourceTree = "<group>"; };
		C96D22851895CDBC001BFA57 /* Preferences.h */ = {isa = PBXFileReference; fileEncoding = 4; lastKnownFileType = sourcecode.c.h; path = Preferences.h; sourceTree = "<group>"; };
		C96D22861895CDBC001BFA57 /* Preferences.m */ = {isa = PBXFileReference; fileEncoding = 4; lastKnownFileType = sourcecode.c.objc; path = Preferences.m; sourceTree = "<group>"; };
		C96D22881895D550001BFA57 /* ActivityThread.h */ = {isa = PBXFileReference; fileEncoding = 4; lastKnownFileType = sourcecode.c.h; path = ActivityThread.h; sourceTree = "<group>"; };
		C96D22891895D550001BFA57 /* ActivityThread.m */ = {isa = PBXFileReference; fileEncoding = 4; lastKnownFileType = sourcecode.c.objc; path = ActivityThread.m; sourceTree = "<group>"; };
		C96D228B18960320001BFA57 /* ActivityThreadCell.h */ = {isa = PBXFileReference; fileEncoding = 4; lastKnownFileType = sourcecode.c.h; path = ActivityThreadCell.h; sourceTree = "<group>"; };
		C96D228C18960320001BFA57 /* ActivityThreadCell.m */ = {isa = PBXFileReference; fileEncoding = 4; lastKnownFileType = sourcecode.c.objc; path = ActivityThreadCell.m; sourceTree = "<group>"; };
		C96D228F189607F2001BFA57 /* AFHTTPRequestOperation.h */ = {isa = PBXFileReference; fileEncoding = 4; lastKnownFileType = sourcecode.c.h; path = AFHTTPRequestOperation.h; sourceTree = "<group>"; };
		C96D2290189607F2001BFA57 /* AFHTTPRequestOperation.m */ = {isa = PBXFileReference; fileEncoding = 4; lastKnownFileType = sourcecode.c.objc; path = AFHTTPRequestOperation.m; sourceTree = "<group>"; };
		C96D2291189607F2001BFA57 /* AFHTTPRequestOperationManager.h */ = {isa = PBXFileReference; fileEncoding = 4; lastKnownFileType = sourcecode.c.h; path = AFHTTPRequestOperationManager.h; sourceTree = "<group>"; };
		C96D2292189607F2001BFA57 /* AFHTTPRequestOperationManager.m */ = {isa = PBXFileReference; fileEncoding = 4; lastKnownFileType = sourcecode.c.objc; path = AFHTTPRequestOperationManager.m; sourceTree = "<group>"; };
		C96D2293189607F2001BFA57 /* AFHTTPSessionManager.h */ = {isa = PBXFileReference; fileEncoding = 4; lastKnownFileType = sourcecode.c.h; path = AFHTTPSessionManager.h; sourceTree = "<group>"; };
		C96D2294189607F2001BFA57 /* AFHTTPSessionManager.m */ = {isa = PBXFileReference; fileEncoding = 4; lastKnownFileType = sourcecode.c.objc; path = AFHTTPSessionManager.m; sourceTree = "<group>"; };
		C96D2295189607F2001BFA57 /* AFNetworking.h */ = {isa = PBXFileReference; fileEncoding = 4; lastKnownFileType = sourcecode.c.h; path = AFNetworking.h; sourceTree = "<group>"; };
		C96D2296189607F2001BFA57 /* AFNetworkReachabilityManager.h */ = {isa = PBXFileReference; fileEncoding = 4; lastKnownFileType = sourcecode.c.h; path = AFNetworkReachabilityManager.h; sourceTree = "<group>"; };
		C96D2297189607F2001BFA57 /* AFNetworkReachabilityManager.m */ = {isa = PBXFileReference; fileEncoding = 4; lastKnownFileType = sourcecode.c.objc; path = AFNetworkReachabilityManager.m; sourceTree = "<group>"; };
		C96D2298189607F2001BFA57 /* AFSecurityPolicy.h */ = {isa = PBXFileReference; fileEncoding = 4; lastKnownFileType = sourcecode.c.h; path = AFSecurityPolicy.h; sourceTree = "<group>"; };
		C96D2299189607F2001BFA57 /* AFSecurityPolicy.m */ = {isa = PBXFileReference; fileEncoding = 4; lastKnownFileType = sourcecode.c.objc; path = AFSecurityPolicy.m; sourceTree = "<group>"; };
		C96D229A189607F2001BFA57 /* AFURLConnectionOperation.h */ = {isa = PBXFileReference; fileEncoding = 4; lastKnownFileType = sourcecode.c.h; path = AFURLConnectionOperation.h; sourceTree = "<group>"; };
		C96D229B189607F2001BFA57 /* AFURLConnectionOperation.m */ = {isa = PBXFileReference; fileEncoding = 4; lastKnownFileType = sourcecode.c.objc; path = AFURLConnectionOperation.m; sourceTree = "<group>"; };
		C96D229C189607F2001BFA57 /* AFURLRequestSerialization.h */ = {isa = PBXFileReference; fileEncoding = 4; lastKnownFileType = sourcecode.c.h; path = AFURLRequestSerialization.h; sourceTree = "<group>"; };
		C96D229D189607F2001BFA57 /* AFURLRequestSerialization.m */ = {isa = PBXFileReference; fileEncoding = 4; lastKnownFileType = sourcecode.c.objc; path = AFURLRequestSerialization.m; sourceTree = "<group>"; };
		C96D229E189607F2001BFA57 /* AFURLResponseSerialization.h */ = {isa = PBXFileReference; fileEncoding = 4; lastKnownFileType = sourcecode.c.h; path = AFURLResponseSerialization.h; sourceTree = "<group>"; };
		C96D229F189607F2001BFA57 /* AFURLResponseSerialization.m */ = {isa = PBXFileReference; fileEncoding = 4; lastKnownFileType = sourcecode.c.objc; path = AFURLResponseSerialization.m; sourceTree = "<group>"; };
		C96D22A0189607F2001BFA57 /* AFURLSessionManager.h */ = {isa = PBXFileReference; fileEncoding = 4; lastKnownFileType = sourcecode.c.h; path = AFURLSessionManager.h; sourceTree = "<group>"; };
		C96D22A1189607F2001BFA57 /* AFURLSessionManager.m */ = {isa = PBXFileReference; fileEncoding = 4; lastKnownFileType = sourcecode.c.objc; path = AFURLSessionManager.m; sourceTree = "<group>"; };
		C96D5A6C18A28582005EB81A /* HHPostProtocol.h */ = {isa = PBXFileReference; lastKnownFileType = sourcecode.c.h; path = HHPostProtocol.h; sourceTree = "<group>"; };
		C97DD32E18A29D4900D1B9B7 /* HHThreadScrollView.h */ = {isa = PBXFileReference; fileEncoding = 4; lastKnownFileType = sourcecode.c.h; path = HHThreadScrollView.h; sourceTree = "<group>"; };
		C97DD32F18A29D4900D1B9B7 /* HHThreadScrollView.m */ = {isa = PBXFileReference; fileEncoding = 4; lastKnownFileType = sourcecode.c.objc; path = HHThreadScrollView.m; sourceTree = "<group>"; };
		C97DD33118A2A08000D1B9B7 /* ThreadPostsViewController.h */ = {isa = PBXFileReference; fileEncoding = 4; lastKnownFileType = sourcecode.c.h; path = ThreadPostsViewController.h; sourceTree = "<group>"; };
		C97DD33218A2A08000D1B9B7 /* ThreadPostsViewController.m */ = {isa = PBXFileReference; fileEncoding = 4; lastKnownFileType = sourcecode.c.objc; path = ThreadPostsViewController.m; sourceTree = "<group>"; };
		C9C9484218985C0C00599E74 /* NewsgroupThreadsViewController.h */ = {isa = PBXFileReference; fileEncoding = 4; lastKnownFileType = sourcecode.c.h; path = NewsgroupThreadsViewController.h; sourceTree = "<group>"; };
		C9C9484318985C0C00599E74 /* NewsgroupThreadsViewController.m */ = {isa = PBXFileReference; fileEncoding = 4; lastKnownFileType = sourcecode.c.objc; path = NewsgroupThreadsViewController.m; sourceTree = "<group>"; };
		C9C9484618985D9B00599E74 /* NewsgroupThread.h */ = {isa = PBXFileReference; fileEncoding = 4; lastKnownFileType = sourcecode.c.h; path = NewsgroupThread.h; sourceTree = "<group>"; };
		C9C9484718985D9B00599E74 /* NewsgroupThread.m */ = {isa = PBXFileReference; fileEncoding = 4; lastKnownFileType = sourcecode.c.objc; path = NewsgroupThread.m; sourceTree = "<group>"; };
		C9C948491898690800599E74 /* NewsgroupThreadListTableViewModel.h */ = {isa = PBXFileReference; fileEncoding = 4; lastKnownFileType = sourcecode.c.h; path = NewsgroupThreadListTableViewModel.h; sourceTree = "<group>"; };
		C9C9484A1898690800599E74 /* NewsgroupThreadListTableViewModel.m */ = {isa = PBXFileReference; fileEncoding = 4; lastKnownFileType = sourcecode.c.objc; path = NewsgroupThreadListTableViewModel.m; sourceTree = "<group>"; };
		C9C9485218987B5E00599E74 /* ThreadDetailViewController.h */ = {isa = PBXFileReference; fileEncoding = 4; lastKnownFileType = sourcecode.c.h; path = ThreadDetailViewController.h; sourceTree = "<group>"; };
		C9C9485318987B5E00599E74 /* ThreadDetailViewController.m */ = {isa = PBXFileReference; fileEncoding = 4; lastKnownFileType = sourcecode.c.objc; path = ThreadDetailViewController.m; sourceTree = "<group>"; };
		C9C9485518987CA400599E74 /* ThreadDetailTableViewModel.h */ = {isa = PBXFileReference; fileEncoding = 4; lastKnownFileType = sourcecode.c.h; path = ThreadDetailTableViewModel.h; sourceTree = "<group>"; };
		C9C9485618987CA400599E74 /* ThreadDetailTableViewModel.m */ = {isa = PBXFileReference; fileEncoding = 4; lastKnownFileType = sourcecode.c.objc; path = ThreadDetailTableViewModel.m; sourceTree = "<group>"; };
		C9C9485B189892AA00599E74 /* Images.xcassets */ = {isa = PBXFileReference; lastKnownFileType = folder.assetcatalog; path = Images.xcassets; sourceTree = "<group>"; };
		C9D6F9EE1898406C00004E3B /* NewsgroupsViewController.h */ = {isa = PBXFileReference; fileEncoding = 4; lastKnownFileType = sourcecode.c.h; path = NewsgroupsViewController.h; sourceTree = "<group>"; };
		C9D6F9EF1898406C00004E3B /* NewsgroupsViewController.m */ = {isa = PBXFileReference; fileEncoding = 4; lastKnownFileType = sourcecode.c.objc; path = NewsgroupsViewController.m; sourceTree = "<group>"; };
		C9D6F9F3189840FE00004E3B /* NewsgroupOutline.h */ = {isa = PBXFileReference; fileEncoding = 4; lastKnownFileType = sourcecode.c.h; path = NewsgroupOutline.h; sourceTree = "<group>"; };
		C9D6F9F4189840FE00004E3B /* NewsgroupOutline.m */ = {isa = PBXFileReference; fileEncoding = 4; lastKnownFileType = sourcecode.c.objc; path = NewsgroupOutline.m; sourceTree = "<group>"; };
		C9D6F9F61898498D00004E3B /* NewsgroupOutlineTableViewModel.h */ = {isa = PBXFileReference; fileEncoding = 4; lastKnownFileType = sourcecode.c.h; path = NewsgroupOutlineTableViewModel.h; sourceTree = "<group>"; };
		C9D6F9F71898498D00004E3B /* NewsgroupOutlineTableViewModel.m */ = {isa = PBXFileReference; fileEncoding = 4; lastKnownFileType = sourcecode.c.objc; path = NewsgroupOutlineTableViewModel.m; sourceTree = "<group>"; };
		C9D6F9F918984EDF00004E3B /* NSNull+TypeAdditions.h */ = {isa = PBXFileReference; fileEncoding = 4; lastKnownFileType = sourcecode.c.h; path = "NSNull+TypeAdditions.h"; sourceTree = "<group>"; };
		C9D6F9FA18984EDF00004E3B /* NSNull+TypeAdditions.m */ = {isa = PBXFileReference; fileEncoding = 4; lastKnownFileType = sourcecode.c.objc; path = "NSNull+TypeAdditions.m"; sourceTree = "<group>"; };
		DC0FC96217EC230700945EEC /* APIKeyViewController.h */ = {isa = PBXFileReference; fileEncoding = 4; lastKnownFileType = sourcecode.c.h; path = APIKeyViewController.h; sourceTree = "<group>"; };
		DC0FC96317EC230700945EEC /* APIKeyViewController.m */ = {isa = PBXFileReference; fileEncoding = 4; lastKnownFileType = sourcecode.c.objc; path = APIKeyViewController.m; sourceTree = "<group>"; };
		DC22B1A117EBAFBC00E328DE /* PDKeychainBindings.h */ = {isa = PBXFileReference; fileEncoding = 4; lastKnownFileType = sourcecode.c.h; path = PDKeychainBindings.h; sourceTree = "<group>"; };
		DC22B1A217EBAFBC00E328DE /* PDKeychainBindings.m */ = {isa = PBXFileReference; fileEncoding = 4; lastKnownFileType = sourcecode.c.objc; path = PDKeychainBindings.m; sourceTree = "<group>"; };
		DC22B1A317EBAFBC00E328DE /* PDKeychainBindingsController.h */ = {isa = PBXFileReference; fileEncoding = 4; lastKnownFileType = sourcecode.c.h; path = PDKeychainBindingsController.h; sourceTree = "<group>"; };
		DC22B1A417EBAFBC00E328DE /* PDKeychainBindingsController.m */ = {isa = PBXFileReference; fileEncoding = 4; lastKnownFileType = sourcecode.c.objc; path = PDKeychainBindingsController.m; sourceTree = "<group>"; };
		DC22B1A717EBB00600E328DE /* SettingsViewController.h */ = {isa = PBXFileReference; fileEncoding = 4; lastKnownFileType = sourcecode.c.h; path = SettingsViewController.h; sourceTree = "<group>"; };
		DC22B1A817EBB00600E328DE /* SettingsViewController.m */ = {isa = PBXFileReference; fileEncoding = 4; lastKnownFileType = sourcecode.c.objc; path = SettingsViewController.m; sourceTree = "<group>"; };
		DC22B1AA17EBB82100E328DE /* CSH WebNews.entitlements */ = {isa = PBXFileReference; lastKnownFileType = text.xml; path = "CSH WebNews.entitlements"; sourceTree = "<group>"; };
		DC22B1AB17EBDFD800E328DE /* ISO8601DateFormatter.h */ = {isa = PBXFileReference; fileEncoding = 4; lastKnownFileType = sourcecode.c.h; path = ISO8601DateFormatter.h; sourceTree = "<group>"; };
		DC22B1AC17EBDFD800E328DE /* ISO8601DateFormatter.m */ = {isa = PBXFileReference; fileEncoding = 4; lastKnownFileType = sourcecode.c.objc; path = ISO8601DateFormatter.m; sourceTree = "<group>"; };
		DC9D24A0180BB2B10034E02B /* NSDictionary+Merge.h */ = {isa = PBXFileReference; fileEncoding = 4; lastKnownFileType = sourcecode.c.h; path = "NSDictionary+Merge.h"; sourceTree = "<group>"; };
		DC9D24A1180BB2B10034E02B /* NSDictionary+Merge.m */ = {isa = PBXFileReference; fileEncoding = 4; lastKnownFileType = sourcecode.c.objc; path = "NSDictionary+Merge.m"; sourceTree = "<group>"; };
		DCBE062217E000F1007BBF4C /* UIView+Positioning.h */ = {isa = PBXFileReference; fileEncoding = 4; lastKnownFileType = sourcecode.c.h; path = "UIView+Positioning.h"; sourceTree = "<group>"; };
		DCBE062317E000F1007BBF4C /* UIView+Positioning.m */ = {isa = PBXFileReference; fileEncoding = 4; lastKnownFileType = sourcecode.c.objc; path = "UIView+Positioning.m"; sourceTree = "<group>"; };
		DCCAB04117EAB3CD004B683B /* CFNetwork.framework */ = {isa = PBXFileReference; lastKnownFileType = wrapper.framework; name = CFNetwork.framework; path = System/Library/Frameworks/CFNetwork.framework; sourceTree = SDKROOT; };
		DCCAB04317EAB3D3004B683B /* SystemConfiguration.framework */ = {isa = PBXFileReference; lastKnownFileType = wrapper.framework; name = SystemConfiguration.framework; path = System/Library/Frameworks/SystemConfiguration.framework; sourceTree = SDKROOT; };
		DCCAB04517EAB3DA004B683B /* CoreData.framework */ = {isa = PBXFileReference; lastKnownFileType = wrapper.framework; name = CoreData.framework; path = System/Library/Frameworks/CoreData.framework; sourceTree = SDKROOT; };
		DCCAB04717EAB3E5004B683B /* MobileCoreServices.framework */ = {isa = PBXFileReference; lastKnownFileType = wrapper.framework; name = MobileCoreServices.framework; path = System/Library/Frameworks/MobileCoreServices.framework; sourceTree = SDKROOT; };
		DCCAB04917EAB3E9004B683B /* Security.framework */ = {isa = PBXFileReference; lastKnownFileType = wrapper.framework; name = Security.framework; path = System/Library/Frameworks/Security.framework; sourceTree = SDKROOT; };
		DCF26DD517CD617C0073DA19 /* CSH News.app */ = {isa = PBXFileReference; explicitFileType = wrapper.application; includeInIndex = 0; path = "CSH News.app"; sourceTree = BUILT_PRODUCTS_DIR; };
		DCF26DD817CD617C0073DA19 /* Foundation.framework */ = {isa = PBXFileReference; lastKnownFileType = wrapper.framework; name = Foundation.framework; path = System/Library/Frameworks/Foundation.framework; sourceTree = SDKROOT; };
		DCF26DDA17CD617C0073DA19 /* CoreGraphics.framework */ = {isa = PBXFileReference; lastKnownFileType = wrapper.framework; name = CoreGraphics.framework; path = System/Library/Frameworks/CoreGraphics.framework; sourceTree = SDKROOT; };
		DCF26DDC17CD617C0073DA19 /* UIKit.framework */ = {isa = PBXFileReference; lastKnownFileType = wrapper.framework; name = UIKit.framework; path = System/Library/Frameworks/UIKit.framework; sourceTree = SDKROOT; };
		DCF26DE017CD617C0073DA19 /* CSH News-Info.plist */ = {isa = PBXFileReference; lastKnownFileType = text.plist.xml; path = "CSH News-Info.plist"; sourceTree = "<group>"; };
		DCF26DE217CD617C0073DA19 /* en */ = {isa = PBXFileReference; lastKnownFileType = text.plist.strings; name = en; path = en.lproj/InfoPlist.strings; sourceTree = "<group>"; };
		DCF26DE417CD617C0073DA19 /* main.m */ = {isa = PBXFileReference; lastKnownFileType = sourcecode.c.objc; path = main.m; sourceTree = "<group>"; };
		DCF26DE617CD617C0073DA19 /* CSH News-Prefix.pch */ = {isa = PBXFileReference; lastKnownFileType = sourcecode.c.h; path = "CSH News-Prefix.pch"; sourceTree = "<group>"; };
		DCF26DE717CD617C0073DA19 /* AppDelegate.h */ = {isa = PBXFileReference; lastKnownFileType = sourcecode.c.h; path = AppDelegate.h; sourceTree = "<group>"; };
		DCF26DE817CD617C0073DA19 /* AppDelegate.m */ = {isa = PBXFileReference; lastKnownFileType = sourcecode.c.objc; path = AppDelegate.m; sourceTree = "<group>"; };
		DCF26DF017CD617C0073DA19 /* CSH NewsTests.xctest */ = {isa = PBXFileReference; explicitFileType = wrapper.cfbundle; includeInIndex = 0; path = "CSH NewsTests.xctest"; sourceTree = BUILT_PRODUCTS_DIR; };
		DCF26DF117CD617C0073DA19 /* XCTest.framework */ = {isa = PBXFileReference; lastKnownFileType = wrapper.framework; name = XCTest.framework; path = Library/Frameworks/XCTest.framework; sourceTree = DEVELOPER_DIR; };
		DCF26DF917CD617C0073DA19 /* CSH NewsTests-Info.plist */ = {isa = PBXFileReference; lastKnownFileType = text.plist.xml; path = "CSH NewsTests-Info.plist"; sourceTree = "<group>"; };
		DCF26DFB17CD617C0073DA19 /* en */ = {isa = PBXFileReference; lastKnownFileType = text.plist.strings; name = en; path = en.lproj/InfoPlist.strings; sourceTree = "<group>"; };
		DCF26DFD17CD617C0073DA19 /* CSH_WebNewsTests.m */ = {isa = PBXFileReference; lastKnownFileType = sourcecode.c.objc; path = CSH_WebNewsTests.m; sourceTree = "<group>"; };
		DCF26E0717CD62830073DA19 /* ActivityViewController.h */ = {isa = PBXFileReference; fileEncoding = 4; lastKnownFileType = sourcecode.c.h; path = ActivityViewController.h; sourceTree = "<group>"; };
		DCF26E0817CD62830073DA19 /* ActivityViewController.m */ = {isa = PBXFileReference; fileEncoding = 4; lastKnownFileType = sourcecode.c.objc; path = ActivityViewController.m; sourceTree = "<group>"; };
/* End PBXFileReference section */

/* Begin PBXFrameworksBuildPhase section */
		DCF26DD217CD617C0073DA19 /* Frameworks */ = {
			isa = PBXFrameworksBuildPhase;
			buildActionMask = 2147483647;
			files = (
				DCCAB04A17EAB3E9004B683B /* Security.framework in Frameworks */,
				DCCAB04817EAB3E5004B683B /* MobileCoreServices.framework in Frameworks */,
				DCCAB04617EAB3DA004B683B /* CoreData.framework in Frameworks */,
				DCCAB04417EAB3D3004B683B /* SystemConfiguration.framework in Frameworks */,
				DCCAB04217EAB3CD004B683B /* CFNetwork.framework in Frameworks */,
				DCF26DDB17CD617C0073DA19 /* CoreGraphics.framework in Frameworks */,
				DCF26DDD17CD617C0073DA19 /* UIKit.framework in Frameworks */,
				DCF26DD917CD617C0073DA19 /* Foundation.framework in Frameworks */,
			);
			runOnlyForDeploymentPostprocessing = 0;
		};
		DCF26DED17CD617C0073DA19 /* Frameworks */ = {
			isa = PBXFrameworksBuildPhase;
			buildActionMask = 2147483647;
			files = (
				DCF26DF217CD617C0073DA19 /* XCTest.framework in Frameworks */,
				DCF26DF417CD617C0073DA19 /* UIKit.framework in Frameworks */,
				DCF26DF317CD617C0073DA19 /* Foundation.framework in Frameworks */,
			);
			runOnlyForDeploymentPostprocessing = 0;
		};
/* End PBXFrameworksBuildPhase section */

/* Begin PBXGroup section */
		C944E26F18A17CF3002D07CD /* Cells */ = {
			isa = PBXGroup;
			children = (
				C96D5A6C18A28582005EB81A /* HHPostProtocol.h */,
				C944E26C18A179F4002D07CD /* HHCollapsiblePostCell.h */,
				C944E26D18A179F4002D07CD /* HHCollapsiblePostCell.m */,
				C97DD32E18A29D4900D1B9B7 /* HHThreadScrollView.h */,
				C97DD32F18A29D4900D1B9B7 /* HHThreadScrollView.m */,
				C944E27018A180C0002D07CD /* HHCollapsiblePostCellActionsView.h */,
				C944E27118A180C0002D07CD /* HHCollapsiblePostCellActionsView.m */,
				C944E27318A18310002D07CD /* NSMutableArray+HHActionButtons.h */,
				C944E27418A18310002D07CD /* NSMutableArray+HHActionButtons.m */,
			);
			name = Cells;
			sourceTree = "<group>";
		};
		C96D22841895CDA4001BFA57 /* Objects */ = {
			isa = PBXGroup;
			children = (
				C96D227E1895CC08001BFA57 /* Post.h */,
				C96D227F1895CC08001BFA57 /* Post.m */,
				C96D22811895CD7B001BFA57 /* User.h */,
				C96D22821895CD7B001BFA57 /* User.m */,
				C96D22851895CDBC001BFA57 /* Preferences.h */,
				C96D22861895CDBC001BFA57 /* Preferences.m */,
			);
			name = Objects;
			sourceTree = "<group>";
		};
		C96D228E189607F2001BFA57 /* AFNetworking */ = {
			isa = PBXGroup;
			children = (
				C96D228F189607F2001BFA57 /* AFHTTPRequestOperation.h */,
				C96D2290189607F2001BFA57 /* AFHTTPRequestOperation.m */,
				C96D2291189607F2001BFA57 /* AFHTTPRequestOperationManager.h */,
				C96D2292189607F2001BFA57 /* AFHTTPRequestOperationManager.m */,
				C96D2293189607F2001BFA57 /* AFHTTPSessionManager.h */,
				C96D2294189607F2001BFA57 /* AFHTTPSessionManager.m */,
				C96D2295189607F2001BFA57 /* AFNetworking.h */,
				C96D2296189607F2001BFA57 /* AFNetworkReachabilityManager.h */,
				C96D2297189607F2001BFA57 /* AFNetworkReachabilityManager.m */,
				C96D2298189607F2001BFA57 /* AFSecurityPolicy.h */,
				C96D2299189607F2001BFA57 /* AFSecurityPolicy.m */,
				C96D229A189607F2001BFA57 /* AFURLConnectionOperation.h */,
				C96D229B189607F2001BFA57 /* AFURLConnectionOperation.m */,
				C96D229C189607F2001BFA57 /* AFURLRequestSerialization.h */,
				C96D229D189607F2001BFA57 /* AFURLRequestSerialization.m */,
				C96D229E189607F2001BFA57 /* AFURLResponseSerialization.h */,
				C96D229F189607F2001BFA57 /* AFURLResponseSerialization.m */,
				C96D22A0189607F2001BFA57 /* AFURLSessionManager.h */,
				C96D22A1189607F2001BFA57 /* AFURLSessionManager.m */,
			);
			path = AFNetworking;
			sourceTree = "<group>";
		};
		C97003E1189618DD00BB8B35 /* Activity */ = {
			isa = PBXGroup;
			children = (
				C910A6F1189733ED001D222D /* ActivityTableViewModel.h */,
				C910A6F2189733ED001D222D /* ActivityTableViewModel.m */,
				C96D22881895D550001BFA57 /* ActivityThread.h */,
				C96D22891895D550001BFA57 /* ActivityThread.m */,
				C96D228B18960320001BFA57 /* ActivityThreadCell.h */,
				C96D228C18960320001BFA57 /* ActivityThreadCell.m */,
				DCF26E0717CD62830073DA19 /* ActivityViewController.h */,
				DCF26E0817CD62830073DA19 /* ActivityViewController.m */,
				C96D22841895CDA4001BFA57 /* Objects */,
			);
			name = Activity;
			sourceTree = "<group>";
		};
		C9C9484518985C1300599E74 /* Newsgroup Threads */ = {
			isa = PBXGroup;
			children = (
				C9C9484218985C0C00599E74 /* NewsgroupThreadsViewController.h */,
				C9C9484318985C0C00599E74 /* NewsgroupThreadsViewController.m */,
				C9C948491898690800599E74 /* NewsgroupThreadListTableViewModel.h */,
				C9C9484A1898690800599E74 /* NewsgroupThreadListTableViewModel.m */,
				C9C9484618985D9B00599E74 /* NewsgroupThread.h */,
				C9C9484718985D9B00599E74 /* NewsgroupThread.m */,
			);
			name = "Newsgroup Threads";
			sourceTree = "<group>";
		};
		C9C9485818987CAC00599E74 /* ThreadDetail */ = {
			isa = PBXGroup;
			children = (
				C944E26F18A17CF3002D07CD /* Cells */,
				C9C9485218987B5E00599E74 /* ThreadDetailViewController.h */,
				C9C9485318987B5E00599E74 /* ThreadDetailViewController.m */,
				C97DD33118A2A08000D1B9B7 /* ThreadPostsViewController.h */,
				C97DD33218A2A08000D1B9B7 /* ThreadPostsViewController.m */,
				C9C9485518987CA400599E74 /* ThreadDetailTableViewModel.h */,
				C9C9485618987CA400599E74 /* ThreadDetailTableViewModel.m */,
			);
			name = ThreadDetail;
			sourceTree = "<group>";
		};
		C9D6F9F11898407E00004E3B /* Newsgroups */ = {
			isa = PBXGroup;
			children = (
				C9D6F9F2189840F300004E3B /* Objects */,
				C9D6F9EE1898406C00004E3B /* NewsgroupsViewController.h */,
				C9D6F9EF1898406C00004E3B /* NewsgroupsViewController.m */,
				C9D6F9F61898498D00004E3B /* NewsgroupOutlineTableViewModel.h */,
				C9D6F9F71898498D00004E3B /* NewsgroupOutlineTableViewModel.m */,
			);
			name = Newsgroups;
			sourceTree = "<group>";
		};
		C9D6F9F2189840F300004E3B /* Objects */ = {
			isa = PBXGroup;
			children = (
				C9D6F9F3189840FE00004E3B /* NewsgroupOutline.h */,
				C9D6F9F4189840FE00004E3B /* NewsgroupOutline.m */,
			);
			name = Objects;
			sourceTree = "<group>";
		};
		DC22B1A017EBAFBC00E328DE /* PDKeychainBindingsController */ = {
			isa = PBXGroup;
			children = (
				DC22B1A117EBAFBC00E328DE /* PDKeychainBindings.h */,
				DC22B1A217EBAFBC00E328DE /* PDKeychainBindings.m */,
				DC22B1A317EBAFBC00E328DE /* PDKeychainBindingsController.h */,
				DC22B1A417EBAFBC00E328DE /* PDKeychainBindingsController.m */,
			);
			path = PDKeychainBindingsController;
			sourceTree = "<group>";
		};
		DCF26DCC17CD617C0073DA19 = {
			isa = PBXGroup;
			children = (
				DCF26DDE17CD617C0073DA19 /* CSH WebNews */,
				DCF26DF717CD617C0073DA19 /* CSH WebNewsTests */,
				DCF26DD717CD617C0073DA19 /* Frameworks */,
				DCF26DD617CD617C0073DA19 /* Products */,
			);
			sourceTree = "<group>";
		};
		DCF26DD617CD617C0073DA19 /* Products */ = {
			isa = PBXGroup;
			children = (
				DCF26DD517CD617C0073DA19 /* CSH News.app */,
				DCF26DF017CD617C0073DA19 /* CSH NewsTests.xctest */,
			);
			name = Products;
			sourceTree = "<group>";
		};
		DCF26DD717CD617C0073DA19 /* Frameworks */ = {
			isa = PBXGroup;
			children = (
				DCCAB04917EAB3E9004B683B /* Security.framework */,
				DCCAB04717EAB3E5004B683B /* MobileCoreServices.framework */,
				DCCAB04517EAB3DA004B683B /* CoreData.framework */,
				DCCAB04317EAB3D3004B683B /* SystemConfiguration.framework */,
				DCCAB04117EAB3CD004B683B /* CFNetwork.framework */,
				DCF26DD817CD617C0073DA19 /* Foundation.framework */,
				DCF26DDA17CD617C0073DA19 /* CoreGraphics.framework */,
				DCF26DDC17CD617C0073DA19 /* UIKit.framework */,
				DCF26DF117CD617C0073DA19 /* XCTest.framework */,
			);
			name = Frameworks;
			sourceTree = "<group>";
		};
		DCF26DDE17CD617C0073DA19 /* CSH WebNews */ = {
			isa = PBXGroup;
			children = (
				DC22B1AA17EBB82100E328DE /* CSH WebNews.entitlements */,
				DCF26DE717CD617C0073DA19 /* AppDelegate.h */,
				DCF26DE817CD617C0073DA19 /* AppDelegate.m */,
				DC22B1A717EBB00600E328DE /* SettingsViewController.h */,
				DC22B1A817EBB00600E328DE /* SettingsViewController.m */,
				C92B9DD9189752DC0099C22D /* CacheManager.h */,
				C92B9DDA189752DC0099C22D /* CacheManager.m */,
				C9C9485818987CAC00599E74 /* ThreadDetail */,
				C9C9484518985C1300599E74 /* Newsgroup Threads */,
				C9D6F9F11898407E00004E3B /* Newsgroups */,
				C97003E1189618DD00BB8B35 /* Activity */,
				DC0FC96217EC230700945EEC /* APIKeyViewController.h */,
				DC0FC96317EC230700945EEC /* APIKeyViewController.m */,
				C9C9485B189892AA00599E74 /* Images.xcassets */,
				DCF26DDF17CD617C0073DA19 /* Supporting Files */,
			);
			path = "CSH WebNews";
			sourceTree = "<group>";
		};
		DCF26DDF17CD617C0073DA19 /* Supporting Files */ = {
			isa = PBXGroup;
			children = (
				C9D6F9F918984EDF00004E3B /* NSNull+TypeAdditions.h */,
				C9D6F9FA18984EDF00004E3B /* NSNull+TypeAdditions.m */,
				C96D228E189607F2001BFA57 /* AFNetworking */,
				C96D227B1895BD80001BFA57 /* WebNewsDataHandler.h */,
				C96D227C1895BD80001BFA57 /* WebNewsDataHandler.m */,
				DC9D24A0180BB2B10034E02B /* NSDictionary+Merge.h */,
				DC9D24A1180BB2B10034E02B /* NSDictionary+Merge.m */,
				DC22B1AB17EBDFD800E328DE /* ISO8601DateFormatter.h */,
				DC22B1AC17EBDFD800E328DE /* ISO8601DateFormatter.m */,
				DC22B1A017EBAFBC00E328DE /* PDKeychainBindingsController */,
				DCBE062217E000F1007BBF4C /* UIView+Positioning.h */,
				DCBE062317E000F1007BBF4C /* UIView+Positioning.m */,
				DCF26DE017CD617C0073DA19 /* CSH News-Info.plist */,
				DCF26DE117CD617C0073DA19 /* InfoPlist.strings */,
				DCF26DE417CD617C0073DA19 /* main.m */,
				DCF26DE617CD617C0073DA19 /* CSH News-Prefix.pch */,
			);
			name = "Supporting Files";
			sourceTree = "<group>";
		};
		DCF26DF717CD617C0073DA19 /* CSH WebNewsTests */ = {
			isa = PBXGroup;
			children = (
				DCF26DFD17CD617C0073DA19 /* CSH_WebNewsTests.m */,
				DCF26DF817CD617C0073DA19 /* Supporting Files */,
			);
			path = "CSH WebNewsTests";
			sourceTree = "<group>";
		};
		DCF26DF817CD617C0073DA19 /* Supporting Files */ = {
			isa = PBXGroup;
			children = (
				DCF26DF917CD617C0073DA19 /* CSH NewsTests-Info.plist */,
				DCF26DFA17CD617C0073DA19 /* InfoPlist.strings */,
			);
			name = "Supporting Files";
			sourceTree = "<group>";
		};
/* End PBXGroup section */

/* Begin PBXNativeTarget section */
		DCF26DD417CD617C0073DA19 /* CSH News */ = {
			isa = PBXNativeTarget;
			buildConfigurationList = DCF26E0117CD617C0073DA19 /* Build configuration list for PBXNativeTarget "CSH News" */;
			buildPhases = (
				DCF26DD117CD617C0073DA19 /* Sources */,
				DCF26DD217CD617C0073DA19 /* Frameworks */,
				DCF26DD317CD617C0073DA19 /* Resources */,
			);
			buildRules = (
			);
			dependencies = (
			);
			name = "CSH News";
			productName = "CSH WebNews";
			productReference = DCF26DD517CD617C0073DA19 /* CSH News.app */;
			productType = "com.apple.product-type.application";
		};
		DCF26DEF17CD617C0073DA19 /* CSH NewsTests */ = {
			isa = PBXNativeTarget;
			buildConfigurationList = DCF26E0417CD617C0073DA19 /* Build configuration list for PBXNativeTarget "CSH NewsTests" */;
			buildPhases = (
				DCF26DEC17CD617C0073DA19 /* Sources */,
				DCF26DED17CD617C0073DA19 /* Frameworks */,
				DCF26DEE17CD617C0073DA19 /* Resources */,
			);
			buildRules = (
			);
			dependencies = (
				DCF26DF617CD617C0073DA19 /* PBXTargetDependency */,
			);
			name = "CSH NewsTests";
			productName = "CSH WebNewsTests";
			productReference = DCF26DF017CD617C0073DA19 /* CSH NewsTests.xctest */;
			productType = "com.apple.product-type.bundle.unit-test";
		};
/* End PBXNativeTarget section */

/* Begin PBXProject section */
		DCF26DCD17CD617C0073DA19 /* Project object */ = {
			isa = PBXProject;
			attributes = {
				LastUpgradeCheck = 0500;
				ORGANIZATIONNAME = Haskins;
				TargetAttributes = {
					DCF26DD417CD617C0073DA19 = {
						DevelopmentTeam = W7GJMYD5A4;
						SystemCapabilities = {
							com.apple.Keychain = {
								enabled = 1;
							};
						};
					};
					DCF26DEF17CD617C0073DA19 = {
						TestTargetID = DCF26DD417CD617C0073DA19;
					};
				};
			};
			buildConfigurationList = DCF26DD017CD617C0073DA19 /* Build configuration list for PBXProject "CSH News" */;
			compatibilityVersion = "Xcode 3.2";
			developmentRegion = English;
			hasScannedForEncodings = 0;
			knownRegions = (
				en,
			);
			mainGroup = DCF26DCC17CD617C0073DA19;
			productRefGroup = DCF26DD617CD617C0073DA19 /* Products */;
			projectDirPath = "";
			projectRoot = "";
			targets = (
				DCF26DD417CD617C0073DA19 /* CSH News */,
				DCF26DEF17CD617C0073DA19 /* CSH NewsTests */,
			);
		};
/* End PBXProject section */

/* Begin PBXResourcesBuildPhase section */
		DCF26DD317CD617C0073DA19 /* Resources */ = {
			isa = PBXResourcesBuildPhase;
			buildActionMask = 2147483647;
			files = (
				DCF26DE317CD617C0073DA19 /* InfoPlist.strings in Resources */,
				C9C9485C189892AA00599E74 /* Images.xcassets in Resources */,
			);
			runOnlyForDeploymentPostprocessing = 0;
		};
		DCF26DEE17CD617C0073DA19 /* Resources */ = {
			isa = PBXResourcesBuildPhase;
			buildActionMask = 2147483647;
			files = (
				DCF26DFC17CD617C0073DA19 /* InfoPlist.strings in Resources */,
			);
			runOnlyForDeploymentPostprocessing = 0;
		};
/* End PBXResourcesBuildPhase section */

/* Begin PBXSourcesBuildPhase section */
		DCF26DD117CD617C0073DA19 /* Sources */ = {
			isa = PBXSourcesBuildPhase;
			buildActionMask = 2147483647;
			files = (
				C9C9485418987B5E00599E74 /* ThreadDetailViewController.m in Sources */,
				C96D228A1895D550001BFA57 /* ActivityThread.m in Sources */,
				DCF26DE917CD617C0073DA19 /* AppDelegate.m in Sources */,
				C9C9484B1898690800599E74 /* NewsgroupThreadListTableViewModel.m in Sources */,
				C96D22A6189607F2001BFA57 /* AFSecurityPolicy.m in Sources */,
				C96D22A3189607F2001BFA57 /* AFHTTPRequestOperationManager.m in Sources */,
				C9C9484418985C0C00599E74 /* NewsgroupThreadsViewController.m in Sources */,
				C910A6F3189733ED001D222D /* ActivityTableViewModel.m in Sources */,
				C9D6F9F81898498D00004E3B /* NewsgroupOutlineTableViewModel.m in Sources */,
				C96D22A2189607F2001BFA57 /* AFHTTPRequestOperation.m in Sources */,
				C944E27518A18310002D07CD /* NSMutableArray+HHActionButtons.m in Sources */,
				DC22B1A517EBAFBC00E328DE /* PDKeychainBindings.m in Sources */,
				DCF26E0917CD62830073DA19 /* ActivityViewController.m in Sources */,
				C96D22831895CD7B001BFA57 /* User.m in Sources */,
				DC9D24A2180BB2B10034E02B /* NSDictionary+Merge.m in Sources */,
				DC22B1A917EBB00600E328DE /* SettingsViewController.m in Sources */,
				C96D227D1895BD80001BFA57 /* WebNewsDataHandler.m in Sources */,
				DCBE062417E000F1007BBF4C /* UIView+Positioning.m in Sources */,
				C9C9485718987CA400599E74 /* ThreadDetailTableViewModel.m in Sources */,
				C97DD33318A2A08000D1B9B7 /* ThreadPostsViewController.m in Sources */,
				C96D22A4189607F2001BFA57 /* AFHTTPSessionManager.m in Sources */,
				DC22B1A617EBAFBC00E328DE /* PDKeychainBindingsController.m in Sources */,
				C92B9DDB189752DC0099C22D /* CacheManager.m in Sources */,
				C96D22801895CC08001BFA57 /* Post.m in Sources */,
				C9D6F9F5189840FE00004E3B /* NewsgroupOutline.m in Sources */,
				C97DD33018A29D4900D1B9B7 /* HHThreadScrollView.m in Sources */,
				C96D22A7189607F2001BFA57 /* AFURLConnectionOperation.m in Sources */,
				C96D22A8189607F2001BFA57 /* AFURLRequestSerialization.m in Sources */,
				C96D22AA189607F2001BFA57 /* AFURLSessionManager.m in Sources */,
				C96D22A9189607F2001BFA57 /* AFURLResponseSerialization.m in Sources */,
				C9C9484818985D9B00599E74 /* NewsgroupThread.m in Sources */,
				C96D228D18960320001BFA57 /* ActivityThreadCell.m in Sources */,
				C944E26E18A179F4002D07CD /* HHCollapsiblePostCell.m in Sources */,
				C9D6F9FB18984EDF00004E3B /* NSNull+TypeAdditions.m in Sources */,
				DC22B1AD17EBDFD800E328DE /* ISO8601DateFormatter.m in Sources */,
				C96D22871895CDBC001BFA57 /* Preferences.m in Sources */,
				DC0FC96417EC230700945EEC /* APIKeyViewController.m in Sources */,
				C96D22A5189607F2001BFA57 /* AFNetworkReachabilityManager.m in Sources */,
				DCF26DE517CD617C0073DA19 /* main.m in Sources */,
				C9D6F9F01898406C00004E3B /* NewsgroupsViewController.m in Sources */,
				C944E27218A180C0002D07CD /* HHCollapsiblePostCellActionsView.m in Sources */,
			);
			runOnlyForDeploymentPostprocessing = 0;
		};
		DCF26DEC17CD617C0073DA19 /* Sources */ = {
			isa = PBXSourcesBuildPhase;
			buildActionMask = 2147483647;
			files = (
				DCF26DFE17CD617C0073DA19 /* CSH_WebNewsTests.m in Sources */,
			);
			runOnlyForDeploymentPostprocessing = 0;
		};
/* End PBXSourcesBuildPhase section */

/* Begin PBXTargetDependency section */
		DCF26DF617CD617C0073DA19 /* PBXTargetDependency */ = {
			isa = PBXTargetDependency;
			target = DCF26DD417CD617C0073DA19 /* CSH News */;
			targetProxy = DCF26DF517CD617C0073DA19 /* PBXContainerItemProxy */;
		};
/* End PBXTargetDependency section */

/* Begin PBXVariantGroup section */
		DCF26DE117CD617C0073DA19 /* InfoPlist.strings */ = {
			isa = PBXVariantGroup;
			children = (
				DCF26DE217CD617C0073DA19 /* en */,
			);
			name = InfoPlist.strings;
			sourceTree = "<group>";
		};
		DCF26DFA17CD617C0073DA19 /* InfoPlist.strings */ = {
			isa = PBXVariantGroup;
			children = (
				DCF26DFB17CD617C0073DA19 /* en */,
			);
			name = InfoPlist.strings;
			sourceTree = "<group>";
		};
/* End PBXVariantGroup section */

/* Begin XCBuildConfiguration section */
		DCF26DFF17CD617C0073DA19 /* Debug */ = {
			isa = XCBuildConfiguration;
			buildSettings = {
				ALWAYS_SEARCH_USER_PATHS = NO;
				CLANG_CXX_LANGUAGE_STANDARD = "gnu++0x";
				CLANG_CXX_LIBRARY = "libc++";
				CLANG_ENABLE_MODULES = YES;
				CLANG_ENABLE_OBJC_ARC = YES;
				CLANG_WARN_BOOL_CONVERSION = YES;
				CLANG_WARN_CONSTANT_CONVERSION = YES;
				CLANG_WARN_DIRECT_OBJC_ISA_USAGE = YES_ERROR;
				CLANG_WARN_EMPTY_BODY = YES;
				CLANG_WARN_ENUM_CONVERSION = YES;
				CLANG_WARN_INT_CONVERSION = YES;
				CLANG_WARN_OBJC_ROOT_CLASS = YES_ERROR;
				CLANG_WARN__DUPLICATE_METHOD_MATCH = YES;
				"CODE_SIGN_IDENTITY[sdk=iphoneos*]" = "iPhone Developer";
				COPY_PHASE_STRIP = NO;
				GCC_C_LANGUAGE_STANDARD = gnu99;
				GCC_DYNAMIC_NO_PIC = NO;
				GCC_OPTIMIZATION_LEVEL = 0;
				GCC_PREPROCESSOR_DEFINITIONS = (
					"DEBUG=1",
					"$(inherited)",
				);
				GCC_SYMBOLS_PRIVATE_EXTERN = NO;
				GCC_WARN_ABOUT_RETURN_TYPE = YES_ERROR;
				GCC_WARN_UNDECLARED_SELECTOR = YES;
				GCC_WARN_UNINITIALIZED_AUTOS = YES;
				GCC_WARN_UNUSED_FUNCTION = YES;
				GCC_WARN_UNUSED_VARIABLE = YES;
				IPHONEOS_DEPLOYMENT_TARGET = 7.0;
				ONLY_ACTIVE_ARCH = YES;
				SDKROOT = iphoneos;
			};
			name = Debug;
		};
		DCF26E0017CD617C0073DA19 /* Release */ = {
			isa = XCBuildConfiguration;
			buildSettings = {
				ALWAYS_SEARCH_USER_PATHS = NO;
				CLANG_CXX_LANGUAGE_STANDARD = "gnu++0x";
				CLANG_CXX_LIBRARY = "libc++";
				CLANG_ENABLE_MODULES = YES;
				CLANG_ENABLE_OBJC_ARC = YES;
				CLANG_WARN_BOOL_CONVERSION = YES;
				CLANG_WARN_CONSTANT_CONVERSION = YES;
				CLANG_WARN_DIRECT_OBJC_ISA_USAGE = YES_ERROR;
				CLANG_WARN_EMPTY_BODY = YES;
				CLANG_WARN_ENUM_CONVERSION = YES;
				CLANG_WARN_INT_CONVERSION = YES;
				CLANG_WARN_OBJC_ROOT_CLASS = YES_ERROR;
				CLANG_WARN__DUPLICATE_METHOD_MATCH = YES;
				"CODE_SIGN_IDENTITY[sdk=iphoneos*]" = "iPhone Developer";
				COPY_PHASE_STRIP = YES;
				ENABLE_NS_ASSERTIONS = NO;
				GCC_C_LANGUAGE_STANDARD = gnu99;
				GCC_WARN_ABOUT_RETURN_TYPE = YES_ERROR;
				GCC_WARN_UNDECLARED_SELECTOR = YES;
				GCC_WARN_UNINITIALIZED_AUTOS = YES;
				GCC_WARN_UNUSED_FUNCTION = YES;
				GCC_WARN_UNUSED_VARIABLE = YES;
				IPHONEOS_DEPLOYMENT_TARGET = 7.0;
				SDKROOT = iphoneos;
				VALIDATE_PRODUCT = YES;
			};
			name = Release;
		};
		DCF26E0217CD617C0073DA19 /* Debug */ = {
			isa = XCBuildConfiguration;
			buildSettings = {
				ASSETCATALOG_COMPILER_APPICON_NAME = AppIcon;
				ASSETCATALOG_COMPILER_LAUNCHIMAGE_NAME = LaunchImage;
				CODE_SIGN_ENTITLEMENTS = "CSH WebNews/CSH WebNews.entitlements";
				CODE_SIGN_IDENTITY = "iPhone Developer";
				"CODE_SIGN_IDENTITY[sdk=iphoneos*]" = "iPhone Developer";
				GCC_PRECOMPILE_PREFIX_HEADER = YES;
				GCC_PREFIX_HEADER = "CSH WebNews/CSH News-Prefix.pch";
				INFOPLIST_FILE = "CSH WebNews/CSH News-Info.plist";
				IPHONEOS_DEPLOYMENT_TARGET = 7.0;
				PRODUCT_NAME = "CSH News";
				PROVISIONING_PROFILE = "";
				WRAPPER_EXTENSION = app;
			};
			name = Debug;
		};
		DCF26E0317CD617C0073DA19 /* Release */ = {
			isa = XCBuildConfiguration;
			buildSettings = {
				ASSETCATALOG_COMPILER_APPICON_NAME = AppIcon;
				ASSETCATALOG_COMPILER_LAUNCHIMAGE_NAME = LaunchImage;
				CODE_SIGN_ENTITLEMENTS = "CSH WebNews/CSH WebNews.entitlements";
				CODE_SIGN_IDENTITY = "iPhone Developer";
				"CODE_SIGN_IDENTITY[sdk=iphoneos*]" = "iPhone Developer";
				GCC_PRECOMPILE_PREFIX_HEADER = YES;
				GCC_PREFIX_HEADER = "CSH WebNews/CSH News-Prefix.pch";
				INFOPLIST_FILE = "CSH WebNews/CSH News-Info.plist";
				IPHONEOS_DEPLOYMENT_TARGET = 7.0;
				PRODUCT_NAME = "CSH News";
				PROVISIONING_PROFILE = "";
				WRAPPER_EXTENSION = app;
			};
			name = Release;
		};
		DCF26E0517CD617C0073DA19 /* Debug */ = {
			isa = XCBuildConfiguration;
			buildSettings = {
				BUNDLE_LOADER = "$(BUILT_PRODUCTS_DIR)/CSH WebNews.app/CSH WebNews";
				FRAMEWORK_SEARCH_PATHS = (
					"$(SDKROOT)/Developer/Library/Frameworks",
					"$(inherited)",
					"$(DEVELOPER_FRAMEWORKS_DIR)",
				);
				GCC_PRECOMPILE_PREFIX_HEADER = YES;
				GCC_PREFIX_HEADER = "CSH WebNews/CSH WebNews-Prefix.pch";
				GCC_PREPROCESSOR_DEFINITIONS = (
					"DEBUG=1",
					"$(inherited)",
				);
				INFOPLIST_FILE = "CSH WebNewsTests/CSH NewsTests-Info.plist";
				PRODUCT_NAME = "CSH NewsTests";
				TEST_HOST = "$(BUNDLE_LOADER)";
				WRAPPER_EXTENSION = xctest;
			};
			name = Debug;
		};
		DCF26E0617CD617C0073DA19 /* Release */ = {
			isa = XCBuildConfiguration;
			buildSettings = {
				BUNDLE_LOADER = "$(BUILT_PRODUCTS_DIR)/CSH WebNews.app/CSH WebNews";
				FRAMEWORK_SEARCH_PATHS = (
					"$(SDKROOT)/Developer/Library/Frameworks",
					"$(inherited)",
					"$(DEVELOPER_FRAMEWORKS_DIR)",
				);
				GCC_PRECOMPILE_PREFIX_HEADER = YES;
				GCC_PREFIX_HEADER = "CSH WebNews/CSH WebNews-Prefix.pch";
				INFOPLIST_FILE = "CSH WebNewsTests/CSH NewsTests-Info.plist";
				PRODUCT_NAME = "CSH NewsTests";
				TEST_HOST = "$(BUNDLE_LOADER)";
				WRAPPER_EXTENSION = xctest;
			};
			name = Release;
		};
/* End XCBuildConfiguration section */

/* Begin XCConfigurationList section */
		DCF26DD017CD617C0073DA19 /* Build configuration list for PBXProject "CSH News" */ = {
			isa = XCConfigurationList;
			buildConfigurations = (
				DCF26DFF17CD617C0073DA19 /* Debug */,
				DCF26E0017CD617C0073DA19 /* Release */,
			);
			defaultConfigurationIsVisible = 0;
			defaultConfigurationName = Release;
		};
		DCF26E0117CD617C0073DA19 /* Build configuration list for PBXNativeTarget "CSH News" */ = {
			isa = XCConfigurationList;
			buildConfigurations = (
				DCF26E0217CD617C0073DA19 /* Debug */,
				DCF26E0317CD617C0073DA19 /* Release */,
			);
			defaultConfigurationIsVisible = 0;
			defaultConfigurationName = Release;
		};
		DCF26E0417CD617C0073DA19 /* Build configuration list for PBXNativeTarget "CSH NewsTests" */ = {
			isa = XCConfigurationList;
			buildConfigurations = (
				DCF26E0517CD617C0073DA19 /* Debug */,
				DCF26E0617CD617C0073DA19 /* Release */,
			);
			defaultConfigurationIsVisible = 0;
			defaultConfigurationName = Release;
		};
/* End XCConfigurationList section */
	};
	rootObject = DCF26DCD17CD617C0073DA19 /* Project object */;
}
