// !$*UTF8*$!
{
	archiveVersion = 1;
	classes = {
	};
	objectVersion = 46;
	objects = {

/* Begin PBXBuildFile section */
		DC0FC95417EBF4EF00945EEC /* WebNewsDataHandler.m in Sources */ = {isa = PBXBuildFile; fileRef = DC0FC95317EBF4EF00945EEC /* WebNewsDataHandler.m */; };
		DC0FC95717EC0E1C00945EEC /* NewsgroupsViewController.m in Sources */ = {isa = PBXBuildFile; fileRef = DC0FC95617EC0E1C00945EEC /* NewsgroupsViewController.m */; };
		DC0FC95D17EC17C100945EEC /* BoardViewController.m in Sources */ = {isa = PBXBuildFile; fileRef = DC0FC95C17EC17C100945EEC /* BoardViewController.m */; };
		DC0FC96117EC1A4200945EEC /* MBProgressHUD.m in Sources */ = {isa = PBXBuildFile; fileRef = DC0FC96017EC1A4200945EEC /* MBProgressHUD.m */; };
		DC0FC96417EC230700945EEC /* APIKeyViewController.m in Sources */ = {isa = PBXBuildFile; fileRef = DC0FC96317EC230700945EEC /* APIKeyViewController.m */; };
		DC0FC96717ECEF2500945EEC /* ThreadsViewController.m in Sources */ = {isa = PBXBuildFile; fileRef = DC0FC96617ECEF2500945EEC /* ThreadsViewController.m */; };
		DC22B1A517EBAFBC00E328DE /* PDKeychainBindings.m in Sources */ = {isa = PBXBuildFile; fileRef = DC22B1A217EBAFBC00E328DE /* PDKeychainBindings.m */; };
		DC22B1A617EBAFBC00E328DE /* PDKeychainBindingsController.m in Sources */ = {isa = PBXBuildFile; fileRef = DC22B1A417EBAFBC00E328DE /* PDKeychainBindingsController.m */; };
		DC22B1A917EBB00600E328DE /* SettingsViewController.m in Sources */ = {isa = PBXBuildFile; fileRef = DC22B1A817EBB00600E328DE /* SettingsViewController.m */; };
		DC22B1AD17EBDFD800E328DE /* ISO8601DateFormatter.m in Sources */ = {isa = PBXBuildFile; fileRef = DC22B1AC17EBDFD800E328DE /* ISO8601DateFormatter.m */; };
		DC9D24A2180BB2B10034E02B /* NSDictionary+Merge.m in Sources */ = {isa = PBXBuildFile; fileRef = DC9D24A1180BB2B10034E02B /* NSDictionary+Merge.m */; };
		DCBE062417E000F1007BBF4C /* UIView+Positioning.m in Sources */ = {isa = PBXBuildFile; fileRef = DCBE062317E000F1007BBF4C /* UIView+Positioning.m */; };
		DCCAB04217EAB3CD004B683B /* CFNetwork.framework in Frameworks */ = {isa = PBXBuildFile; fileRef = DCCAB04117EAB3CD004B683B /* CFNetwork.framework */; };
		DCCAB04417EAB3D3004B683B /* SystemConfiguration.framework in Frameworks */ = {isa = PBXBuildFile; fileRef = DCCAB04317EAB3D3004B683B /* SystemConfiguration.framework */; };
		DCCAB04617EAB3DA004B683B /* CoreData.framework in Frameworks */ = {isa = PBXBuildFile; fileRef = DCCAB04517EAB3DA004B683B /* CoreData.framework */; };
		DCCAB04817EAB3E5004B683B /* MobileCoreServices.framework in Frameworks */ = {isa = PBXBuildFile; fileRef = DCCAB04717EAB3E5004B683B /* MobileCoreServices.framework */; };
		DCCAB04A17EAB3E9004B683B /* Security.framework in Frameworks */ = {isa = PBXBuildFile; fileRef = DCCAB04917EAB3E9004B683B /* Security.framework */; };
		DCCAB07C17EAB81C004B683B /* AFHTTPClient.m in Sources */ = {isa = PBXBuildFile; fileRef = DCCAB06A17EAB81C004B683B /* AFHTTPClient.m */; };
		DCCAB07D17EAB81C004B683B /* AFHTTPRequestOperation.m in Sources */ = {isa = PBXBuildFile; fileRef = DCCAB06C17EAB81C004B683B /* AFHTTPRequestOperation.m */; };
		DCCAB07E17EAB81C004B683B /* AFImageRequestOperation.m in Sources */ = {isa = PBXBuildFile; fileRef = DCCAB06E17EAB81C004B683B /* AFImageRequestOperation.m */; };
		DCCAB07F17EAB81C004B683B /* AFJSONRequestOperation.m in Sources */ = {isa = PBXBuildFile; fileRef = DCCAB07017EAB81C004B683B /* AFJSONRequestOperation.m */; };
		DCCAB08017EAB81C004B683B /* AFNetworkActivityIndicatorManager.m in Sources */ = {isa = PBXBuildFile; fileRef = DCCAB07217EAB81C004B683B /* AFNetworkActivityIndicatorManager.m */; };
		DCCAB08117EAB81C004B683B /* AFPropertyListRequestOperation.m in Sources */ = {isa = PBXBuildFile; fileRef = DCCAB07517EAB81C004B683B /* AFPropertyListRequestOperation.m */; };
		DCCAB08217EAB81C004B683B /* AFURLConnectionOperation.m in Sources */ = {isa = PBXBuildFile; fileRef = DCCAB07717EAB81C004B683B /* AFURLConnectionOperation.m */; };
		DCCAB08317EAB81C004B683B /* AFXMLRequestOperation.m in Sources */ = {isa = PBXBuildFile; fileRef = DCCAB07917EAB81C004B683B /* AFXMLRequestOperation.m */; };
		DCCAB08417EAB81C004B683B /* UIImageView+AFNetworking.m in Sources */ = {isa = PBXBuildFile; fileRef = DCCAB07B17EAB81C004B683B /* UIImageView+AFNetworking.m */; };
		DCF26DD917CD617C0073DA19 /* Foundation.framework in Frameworks */ = {isa = PBXBuildFile; fileRef = DCF26DD817CD617C0073DA19 /* Foundation.framework */; };
		DCF26DDB17CD617C0073DA19 /* CoreGraphics.framework in Frameworks */ = {isa = PBXBuildFile; fileRef = DCF26DDA17CD617C0073DA19 /* CoreGraphics.framework */; };
		DCF26DDD17CD617C0073DA19 /* UIKit.framework in Frameworks */ = {isa = PBXBuildFile; fileRef = DCF26DDC17CD617C0073DA19 /* UIKit.framework */; };
		DCF26DE317CD617C0073DA19 /* InfoPlist.strings in Resources */ = {isa = PBXBuildFile; fileRef = DCF26DE117CD617C0073DA19 /* InfoPlist.strings */; };
		DCF26DE517CD617C0073DA19 /* main.m in Sources */ = {isa = PBXBuildFile; fileRef = DCF26DE417CD617C0073DA19 /* main.m */; };
		DCF26DE917CD617C0073DA19 /* AppDelegate.m in Sources */ = {isa = PBXBuildFile; fileRef = DCF26DE817CD617C0073DA19 /* AppDelegate.m */; };
		DCF26DEB17CD617C0073DA19 /* Images.xcassets in Resources */ = {isa = PBXBuildFile; fileRef = DCF26DEA17CD617C0073DA19 /* Images.xcassets */; };
		DCF26DF217CD617C0073DA19 /* XCTest.framework in Frameworks */ = {isa = PBXBuildFile; fileRef = DCF26DF117CD617C0073DA19 /* XCTest.framework */; };
		DCF26DF317CD617C0073DA19 /* Foundation.framework in Frameworks */ = {isa = PBXBuildFile; fileRef = DCF26DD817CD617C0073DA19 /* Foundation.framework */; };
		DCF26DF417CD617C0073DA19 /* UIKit.framework in Frameworks */ = {isa = PBXBuildFile; fileRef = DCF26DDC17CD617C0073DA19 /* UIKit.framework */; };
		DCF26DFC17CD617C0073DA19 /* InfoPlist.strings in Resources */ = {isa = PBXBuildFile; fileRef = DCF26DFA17CD617C0073DA19 /* InfoPlist.strings */; };
		DCF26DFE17CD617C0073DA19 /* CSH_WebNewsTests.m in Sources */ = {isa = PBXBuildFile; fileRef = DCF26DFD17CD617C0073DA19 /* CSH_WebNewsTests.m */; };
		DCF26E0917CD62830073DA19 /* ActivityViewController.m in Sources */ = {isa = PBXBuildFile; fileRef = DCF26E0817CD62830073DA19 /* ActivityViewController.m */; };
/* End PBXBuildFile section */

/* Begin PBXContainerItemProxy section */
		DCF26DF517CD617C0073DA19 /* PBXContainerItemProxy */ = {
			isa = PBXContainerItemProxy;
			containerPortal = DCF26DCD17CD617C0073DA19 /* Project object */;
			proxyType = 1;
			remoteGlobalIDString = DCF26DD417CD617C0073DA19;
			remoteInfo = "CSH WebNews";
		};
/* End PBXContainerItemProxy section */

/* Begin PBXFileReference section */
		DC0FC95217EBF4EF00945EEC /* WebNewsDataHandler.h */ = {isa = PBXFileReference; fileEncoding = 4; lastKnownFileType = sourcecode.c.h; path = WebNewsDataHandler.h; sourceTree = "<group>"; };
		DC0FC95317EBF4EF00945EEC /* WebNewsDataHandler.m */ = {isa = PBXFileReference; fileEncoding = 4; lastKnownFileType = sourcecode.c.objc; path = WebNewsDataHandler.m; sourceTree = "<group>"; };
		DC0FC95517EC0E1C00945EEC /* NewsgroupsViewController.h */ = {isa = PBXFileReference; fileEncoding = 4; lastKnownFileType = sourcecode.c.h; path = NewsgroupsViewController.h; sourceTree = "<group>"; };
		DC0FC95617EC0E1C00945EEC /* NewsgroupsViewController.m */ = {isa = PBXFileReference; fileEncoding = 4; lastKnownFileType = sourcecode.c.objc; path = NewsgroupsViewController.m; sourceTree = "<group>"; };
		DC0FC95B17EC17C100945EEC /* BoardViewController.h */ = {isa = PBXFileReference; fileEncoding = 4; lastKnownFileType = sourcecode.c.h; path = BoardViewController.h; sourceTree = "<group>"; };
		DC0FC95C17EC17C100945EEC /* BoardViewController.m */ = {isa = PBXFileReference; fileEncoding = 4; lastKnownFileType = sourcecode.c.objc; path = BoardViewController.m; sourceTree = "<group>"; };
		DC0FC95F17EC1A4200945EEC /* MBProgressHUD.h */ = {isa = PBXFileReference; fileEncoding = 4; lastKnownFileType = sourcecode.c.h; path = MBProgressHUD.h; sourceTree = "<group>"; };
		DC0FC96017EC1A4200945EEC /* MBProgressHUD.m */ = {isa = PBXFileReference; fileEncoding = 4; lastKnownFileType = sourcecode.c.objc; path = MBProgressHUD.m; sourceTree = "<group>"; };
		DC0FC96217EC230700945EEC /* APIKeyViewController.h */ = {isa = PBXFileReference; fileEncoding = 4; lastKnownFileType = sourcecode.c.h; path = APIKeyViewController.h; sourceTree = "<group>"; };
		DC0FC96317EC230700945EEC /* APIKeyViewController.m */ = {isa = PBXFileReference; fileEncoding = 4; lastKnownFileType = sourcecode.c.objc; path = APIKeyViewController.m; sourceTree = "<group>"; };
		DC0FC96517ECEF2500945EEC /* ThreadsViewController.h */ = {isa = PBXFileReference; fileEncoding = 4; lastKnownFileType = sourcecode.c.h; path = ThreadsViewController.h; sourceTree = "<group>"; };
		DC0FC96617ECEF2500945EEC /* ThreadsViewController.m */ = {isa = PBXFileReference; fileEncoding = 4; lastKnownFileType = sourcecode.c.objc; path = ThreadsViewController.m; sourceTree = "<group>"; };
		DC22B1A117EBAFBC00E328DE /* PDKeychainBindings.h */ = {isa = PBXFileReference; fileEncoding = 4; lastKnownFileType = sourcecode.c.h; path = PDKeychainBindings.h; sourceTree = "<group>"; };
		DC22B1A217EBAFBC00E328DE /* PDKeychainBindings.m */ = {isa = PBXFileReference; fileEncoding = 4; lastKnownFileType = sourcecode.c.objc; path = PDKeychainBindings.m; sourceTree = "<group>"; };
		DC22B1A317EBAFBC00E328DE /* PDKeychainBindingsController.h */ = {isa = PBXFileReference; fileEncoding = 4; lastKnownFileType = sourcecode.c.h; path = PDKeychainBindingsController.h; sourceTree = "<group>"; };
		DC22B1A417EBAFBC00E328DE /* PDKeychainBindingsController.m */ = {isa = PBXFileReference; fileEncoding = 4; lastKnownFileType = sourcecode.c.objc; path = PDKeychainBindingsController.m; sourceTree = "<group>"; };
		DC22B1A717EBB00600E328DE /* SettingsViewController.h */ = {isa = PBXFileReference; fileEncoding = 4; lastKnownFileType = sourcecode.c.h; path = SettingsViewController.h; sourceTree = "<group>"; };
		DC22B1A817EBB00600E328DE /* SettingsViewController.m */ = {isa = PBXFileReference; fileEncoding = 4; lastKnownFileType = sourcecode.c.objc; path = SettingsViewController.m; sourceTree = "<group>"; };
		DC22B1AA17EBB82100E328DE /* CSH WebNews.entitlements */ = {isa = PBXFileReference; lastKnownFileType = text.xml; path = "CSH WebNews.entitlements"; sourceTree = "<group>"; };
		DC22B1AB17EBDFD800E328DE /* ISO8601DateFormatter.h */ = {isa = PBXFileReference; fileEncoding = 4; lastKnownFileType = sourcecode.c.h; path = ISO8601DateFormatter.h; sourceTree = "<group>"; };
		DC22B1AC17EBDFD800E328DE /* ISO8601DateFormatter.m */ = {isa = PBXFileReference; fileEncoding = 4; lastKnownFileType = sourcecode.c.objc; path = ISO8601DateFormatter.m; sourceTree = "<group>"; };
		DC9D24A0180BB2B10034E02B /* NSDictionary+Merge.h */ = {isa = PBXFileReference; fileEncoding = 4; lastKnownFileType = sourcecode.c.h; path = "NSDictionary+Merge.h"; sourceTree = "<group>"; };
		DC9D24A1180BB2B10034E02B /* NSDictionary+Merge.m */ = {isa = PBXFileReference; fileEncoding = 4; lastKnownFileType = sourcecode.c.objc; path = "NSDictionary+Merge.m"; sourceTree = "<group>"; };
		DCBE062217E000F1007BBF4C /* UIView+Positioning.h */ = {isa = PBXFileReference; fileEncoding = 4; lastKnownFileType = sourcecode.c.h; path = "UIView+Positioning.h"; sourceTree = "<group>"; };
		DCBE062317E000F1007BBF4C /* UIView+Positioning.m */ = {isa = PBXFileReference; fileEncoding = 4; lastKnownFileType = sourcecode.c.objc; path = "UIView+Positioning.m"; sourceTree = "<group>"; };
		DCCAB04117EAB3CD004B683B /* CFNetwork.framework */ = {isa = PBXFileReference; lastKnownFileType = wrapper.framework; name = CFNetwork.framework; path = System/Library/Frameworks/CFNetwork.framework; sourceTree = SDKROOT; };
		DCCAB04317EAB3D3004B683B /* SystemConfiguration.framework */ = {isa = PBXFileReference; lastKnownFileType = wrapper.framework; name = SystemConfiguration.framework; path = System/Library/Frameworks/SystemConfiguration.framework; sourceTree = SDKROOT; };
		DCCAB04517EAB3DA004B683B /* CoreData.framework */ = {isa = PBXFileReference; lastKnownFileType = wrapper.framework; name = CoreData.framework; path = System/Library/Frameworks/CoreData.framework; sourceTree = SDKROOT; };
		DCCAB04717EAB3E5004B683B /* MobileCoreServices.framework */ = {isa = PBXFileReference; lastKnownFileType = wrapper.framework; name = MobileCoreServices.framework; path = System/Library/Frameworks/MobileCoreServices.framework; sourceTree = SDKROOT; };
		DCCAB04917EAB3E9004B683B /* Security.framework */ = {isa = PBXFileReference; lastKnownFileType = wrapper.framework; name = Security.framework; path = System/Library/Frameworks/Security.framework; sourceTree = SDKROOT; };
		DCCAB06917EAB81C004B683B /* AFHTTPClient.h */ = {isa = PBXFileReference; fileEncoding = 4; lastKnownFileType = sourcecode.c.h; path = AFHTTPClient.h; sourceTree = "<group>"; };
		DCCAB06A17EAB81C004B683B /* AFHTTPClient.m */ = {isa = PBXFileReference; fileEncoding = 4; lastKnownFileType = sourcecode.c.objc; path = AFHTTPClient.m; sourceTree = "<group>"; };
		DCCAB06B17EAB81C004B683B /* AFHTTPRequestOperation.h */ = {isa = PBXFileReference; fileEncoding = 4; lastKnownFileType = sourcecode.c.h; path = AFHTTPRequestOperation.h; sourceTree = "<group>"; };
		DCCAB06C17EAB81C004B683B /* AFHTTPRequestOperation.m */ = {isa = PBXFileReference; fileEncoding = 4; lastKnownFileType = sourcecode.c.objc; path = AFHTTPRequestOperation.m; sourceTree = "<group>"; };
		DCCAB06D17EAB81C004B683B /* AFImageRequestOperation.h */ = {isa = PBXFileReference; fileEncoding = 4; lastKnownFileType = sourcecode.c.h; path = AFImageRequestOperation.h; sourceTree = "<group>"; };
		DCCAB06E17EAB81C004B683B /* AFImageRequestOperation.m */ = {isa = PBXFileReference; fileEncoding = 4; lastKnownFileType = sourcecode.c.objc; path = AFImageRequestOperation.m; sourceTree = "<group>"; };
		DCCAB06F17EAB81C004B683B /* AFJSONRequestOperation.h */ = {isa = PBXFileReference; fileEncoding = 4; lastKnownFileType = sourcecode.c.h; path = AFJSONRequestOperation.h; sourceTree = "<group>"; };
		DCCAB07017EAB81C004B683B /* AFJSONRequestOperation.m */ = {isa = PBXFileReference; fileEncoding = 4; lastKnownFileType = sourcecode.c.objc; path = AFJSONRequestOperation.m; sourceTree = "<group>"; };
		DCCAB07117EAB81C004B683B /* AFNetworkActivityIndicatorManager.h */ = {isa = PBXFileReference; fileEncoding = 4; lastKnownFileType = sourcecode.c.h; path = AFNetworkActivityIndicatorManager.h; sourceTree = "<group>"; };
		DCCAB07217EAB81C004B683B /* AFNetworkActivityIndicatorManager.m */ = {isa = PBXFileReference; fileEncoding = 4; lastKnownFileType = sourcecode.c.objc; path = AFNetworkActivityIndicatorManager.m; sourceTree = "<group>"; };
		DCCAB07317EAB81C004B683B /* AFNetworking.h */ = {isa = PBXFileReference; fileEncoding = 4; lastKnownFileType = sourcecode.c.h; path = AFNetworking.h; sourceTree = "<group>"; };
		DCCAB07417EAB81C004B683B /* AFPropertyListRequestOperation.h */ = {isa = PBXFileReference; fileEncoding = 4; lastKnownFileType = sourcecode.c.h; path = AFPropertyListRequestOperation.h; sourceTree = "<group>"; };
		DCCAB07517EAB81C004B683B /* AFPropertyListRequestOperation.m */ = {isa = PBXFileReference; fileEncoding = 4; lastKnownFileType = sourcecode.c.objc; path = AFPropertyListRequestOperation.m; sourceTree = "<group>"; };
		DCCAB07617EAB81C004B683B /* AFURLConnectionOperation.h */ = {isa = PBXFileReference; fileEncoding = 4; lastKnownFileType = sourcecode.c.h; path = AFURLConnectionOperation.h; sourceTree = "<group>"; };
		DCCAB07717EAB81C004B683B /* AFURLConnectionOperation.m */ = {isa = PBXFileReference; fileEncoding = 4; lastKnownFileType = sourcecode.c.objc; path = AFURLConnectionOperation.m; sourceTree = "<group>"; };
		DCCAB07817EAB81C004B683B /* AFXMLRequestOperation.h */ = {isa = PBXFileReference; fileEncoding = 4; lastKnownFileType = sourcecode.c.h; path = AFXMLRequestOperation.h; sourceTree = "<group>"; };
		DCCAB07917EAB81C004B683B /* AFXMLRequestOperation.m */ = {isa = PBXFileReference; fileEncoding = 4; lastKnownFileType = sourcecode.c.objc; path = AFXMLRequestOperation.m; sourceTree = "<group>"; };
		DCCAB07A17EAB81C004B683B /* UIImageView+AFNetworking.h */ = {isa = PBXFileReference; fileEncoding = 4; lastKnownFileType = sourcecode.c.h; path = "UIImageView+AFNetworking.h"; sourceTree = "<group>"; };
		DCCAB07B17EAB81C004B683B /* UIImageView+AFNetworking.m */ = {isa = PBXFileReference; fileEncoding = 4; lastKnownFileType = sourcecode.c.objc; path = "UIImageView+AFNetworking.m"; sourceTree = "<group>"; };
		DCF26DD517CD617C0073DA19 /* CSH News.app */ = {isa = PBXFileReference; explicitFileType = wrapper.application; includeInIndex = 0; path = "CSH News.app"; sourceTree = BUILT_PRODUCTS_DIR; };
		DCF26DD817CD617C0073DA19 /* Foundation.framework */ = {isa = PBXFileReference; lastKnownFileType = wrapper.framework; name = Foundation.framework; path = System/Library/Frameworks/Foundation.framework; sourceTree = SDKROOT; };
		DCF26DDA17CD617C0073DA19 /* CoreGraphics.framework */ = {isa = PBXFileReference; lastKnownFileType = wrapper.framework; name = CoreGraphics.framework; path = System/Library/Frameworks/CoreGraphics.framework; sourceTree = SDKROOT; };
		DCF26DDC17CD617C0073DA19 /* UIKit.framework */ = {isa = PBXFileReference; lastKnownFileType = wrapper.framework; name = UIKit.framework; path = System/Library/Frameworks/UIKit.framework; sourceTree = SDKROOT; };
		DCF26DE017CD617C0073DA19 /* CSH News-Info.plist */ = {isa = PBXFileReference; lastKnownFileType = text.plist.xml; path = "CSH News-Info.plist"; sourceTree = "<group>"; };
		DCF26DE217CD617C0073DA19 /* en */ = {isa = PBXFileReference; lastKnownFileType = text.plist.strings; name = en; path = en.lproj/InfoPlist.strings; sourceTree = "<group>"; };
		DCF26DE417CD617C0073DA19 /* main.m */ = {isa = PBXFileReference; lastKnownFileType = sourcecode.c.objc; path = main.m; sourceTree = "<group>"; };
		DCF26DE617CD617C0073DA19 /* CSH News-Prefix.pch */ = {isa = PBXFileReference; lastKnownFileType = sourcecode.c.h; path = "CSH News-Prefix.pch"; sourceTree = "<group>"; };
		DCF26DE717CD617C0073DA19 /* AppDelegate.h */ = {isa = PBXFileReference; lastKnownFileType = sourcecode.c.h; path = AppDelegate.h; sourceTree = "<group>"; };
		DCF26DE817CD617C0073DA19 /* AppDelegate.m */ = {isa = PBXFileReference; lastKnownFileType = sourcecode.c.objc; path = AppDelegate.m; sourceTree = "<group>"; };
		DCF26DEA17CD617C0073DA19 /* Images.xcassets */ = {isa = PBXFileReference; lastKnownFileType = folder.assetcatalog; path = Images.xcassets; sourceTree = "<group>"; };
		DCF26DF017CD617C0073DA19 /* CSH NewsTests.xctest */ = {isa = PBXFileReference; explicitFileType = wrapper.cfbundle; includeInIndex = 0; path = "CSH NewsTests.xctest"; sourceTree = BUILT_PRODUCTS_DIR; };
		DCF26DF117CD617C0073DA19 /* XCTest.framework */ = {isa = PBXFileReference; lastKnownFileType = wrapper.framework; name = XCTest.framework; path = Library/Frameworks/XCTest.framework; sourceTree = DEVELOPER_DIR; };
		DCF26DF917CD617C0073DA19 /* CSH NewsTests-Info.plist */ = {isa = PBXFileReference; lastKnownFileType = text.plist.xml; path = "CSH NewsTests-Info.plist"; sourceTree = "<group>"; };
		DCF26DFB17CD617C0073DA19 /* en */ = {isa = PBXFileReference; lastKnownFileType = text.plist.strings; name = en; path = en.lproj/InfoPlist.strings; sourceTree = "<group>"; };
		DCF26DFD17CD617C0073DA19 /* CSH_WebNewsTests.m */ = {isa = PBXFileReference; lastKnownFileType = sourcecode.c.objc; path = CSH_WebNewsTests.m; sourceTree = "<group>"; };
		DCF26E0717CD62830073DA19 /* ActivityViewController.h */ = {isa = PBXFileReference; fileEncoding = 4; lastKnownFileType = sourcecode.c.h; path = ActivityViewController.h; sourceTree = "<group>"; };
		DCF26E0817CD62830073DA19 /* ActivityViewController.m */ = {isa = PBXFileReference; fileEncoding = 4; lastKnownFileType = sourcecode.c.objc; path = ActivityViewController.m; sourceTree = "<group>"; };
/* End PBXFileReference section */

/* Begin PBXFrameworksBuildPhase section */
		DCF26DD217CD617C0073DA19 /* Frameworks */ = {
			isa = PBXFrameworksBuildPhase;
			buildActionMask = 2147483647;
			files = (
				DCCAB04A17EAB3E9004B683B /* Security.framework in Frameworks */,
				DCCAB04817EAB3E5004B683B /* MobileCoreServices.framework in Frameworks */,
				DCCAB04617EAB3DA004B683B /* CoreData.framework in Frameworks */,
				DCCAB04417EAB3D3004B683B /* SystemConfiguration.framework in Frameworks */,
				DCCAB04217EAB3CD004B683B /* CFNetwork.framework in Frameworks */,
				DCF26DDB17CD617C0073DA19 /* CoreGraphics.framework in Frameworks */,
				DCF26DDD17CD617C0073DA19 /* UIKit.framework in Frameworks */,
				DCF26DD917CD617C0073DA19 /* Foundation.framework in Frameworks */,
			);
			runOnlyForDeploymentPostprocessing = 0;
		};
		DCF26DED17CD617C0073DA19 /* Frameworks */ = {
			isa = PBXFrameworksBuildPhase;
			buildActionMask = 2147483647;
			files = (
				DCF26DF217CD617C0073DA19 /* XCTest.framework in Frameworks */,
				DCF26DF417CD617C0073DA19 /* UIKit.framework in Frameworks */,
				DCF26DF317CD617C0073DA19 /* Foundation.framework in Frameworks */,
			);
			runOnlyForDeploymentPostprocessing = 0;
		};
/* End PBXFrameworksBuildPhase section */

/* Begin PBXGroup section */
		DC0FC95E17EC1A4200945EEC /* MBProgressHUD */ = {
			isa = PBXGroup;
			children = (
				DC0FC95F17EC1A4200945EEC /* MBProgressHUD.h */,
				DC0FC96017EC1A4200945EEC /* MBProgressHUD.m */,
			);
			path = MBProgressHUD;
			sourceTree = "<group>";
		};
		DC22B1A017EBAFBC00E328DE /* PDKeychainBindingsController */ = {
			isa = PBXGroup;
			children = (
				DC22B1A117EBAFBC00E328DE /* PDKeychainBindings.h */,
				DC22B1A217EBAFBC00E328DE /* PDKeychainBindings.m */,
				DC22B1A317EBAFBC00E328DE /* PDKeychainBindingsController.h */,
				DC22B1A417EBAFBC00E328DE /* PDKeychainBindingsController.m */,
			);
			path = PDKeychainBindingsController;
			sourceTree = "<group>";
		};
		DCCAB06817EAB81C004B683B /* AFNetworking */ = {
			isa = PBXGroup;
			children = (
				DCCAB06917EAB81C004B683B /* AFHTTPClient.h */,
				DCCAB06A17EAB81C004B683B /* AFHTTPClient.m */,
				DCCAB06B17EAB81C004B683B /* AFHTTPRequestOperation.h */,
				DCCAB06C17EAB81C004B683B /* AFHTTPRequestOperation.m */,
				DCCAB06D17EAB81C004B683B /* AFImageRequestOperation.h */,
				DCCAB06E17EAB81C004B683B /* AFImageRequestOperation.m */,
				DCCAB06F17EAB81C004B683B /* AFJSONRequestOperation.h */,
				DCCAB07017EAB81C004B683B /* AFJSONRequestOperation.m */,
				DCCAB07117EAB81C004B683B /* AFNetworkActivityIndicatorManager.h */,
				DCCAB07217EAB81C004B683B /* AFNetworkActivityIndicatorManager.m */,
				DCCAB07317EAB81C004B683B /* AFNetworking.h */,
				DCCAB07417EAB81C004B683B /* AFPropertyListRequestOperation.h */,
				DCCAB07517EAB81C004B683B /* AFPropertyListRequestOperation.m */,
				DCCAB07617EAB81C004B683B /* AFURLConnectionOperation.h */,
				DCCAB07717EAB81C004B683B /* AFURLConnectionOperation.m */,
				DCCAB07817EAB81C004B683B /* AFXMLRequestOperation.h */,
				DCCAB07917EAB81C004B683B /* AFXMLRequestOperation.m */,
				DCCAB07A17EAB81C004B683B /* UIImageView+AFNetworking.h */,
				DCCAB07B17EAB81C004B683B /* UIImageView+AFNetworking.m */,
			);
			path = AFNetworking;
			sourceTree = "<group>";
		};
		DCF26DCC17CD617C0073DA19 = {
			isa = PBXGroup;
			children = (
				DCF26DDE17CD617C0073DA19 /* CSH WebNews */,
				DCF26DF717CD617C0073DA19 /* CSH WebNewsTests */,
				DCF26DD717CD617C0073DA19 /* Frameworks */,
				DCF26DD617CD617C0073DA19 /* Products */,
			);
			sourceTree = "<group>";
		};
		DCF26DD617CD617C0073DA19 /* Products */ = {
			isa = PBXGroup;
			children = (
				DCF26DD517CD617C0073DA19 /* CSH News.app */,
				DCF26DF017CD617C0073DA19 /* CSH NewsTests.xctest */,
			);
			name = Products;
			sourceTree = "<group>";
		};
		DCF26DD717CD617C0073DA19 /* Frameworks */ = {
			isa = PBXGroup;
			children = (
				DCCAB04917EAB3E9004B683B /* Security.framework */,
				DCCAB04717EAB3E5004B683B /* MobileCoreServices.framework */,
				DCCAB04517EAB3DA004B683B /* CoreData.framework */,
				DCCAB04317EAB3D3004B683B /* SystemConfiguration.framework */,
				DCCAB04117EAB3CD004B683B /* CFNetwork.framework */,
				DCF26DD817CD617C0073DA19 /* Foundation.framework */,
				DCF26DDA17CD617C0073DA19 /* CoreGraphics.framework */,
				DCF26DDC17CD617C0073DA19 /* UIKit.framework */,
				DCF26DF117CD617C0073DA19 /* XCTest.framework */,
			);
			name = Frameworks;
			sourceTree = "<group>";
		};
		DCF26DDE17CD617C0073DA19 /* CSH WebNews */ = {
			isa = PBXGroup;
			children = (
				DC22B1AA17EBB82100E328DE /* CSH WebNews.entitlements */,
				DCF26DE717CD617C0073DA19 /* AppDelegate.h */,
				DCF26DE817CD617C0073DA19 /* AppDelegate.m */,
				DC0FC95517EC0E1C00945EEC /* NewsgroupsViewController.h */,
				DC0FC95617EC0E1C00945EEC /* NewsgroupsViewController.m */,
				DC22B1A717EBB00600E328DE /* SettingsViewController.h */,
				DC22B1A817EBB00600E328DE /* SettingsViewController.m */,
				DCF26E0717CD62830073DA19 /* ActivityViewController.h */,
				DCF26E0817CD62830073DA19 /* ActivityViewController.m */,
				DC0FC95B17EC17C100945EEC /* BoardViewController.h */,
				DC0FC95C17EC17C100945EEC /* BoardViewController.m */,
				DC0FC96517ECEF2500945EEC /* ThreadsViewController.h */,
				DC0FC96617ECEF2500945EEC /* ThreadsViewController.m */,
				DC0FC95217EBF4EF00945EEC /* WebNewsDataHandler.h */,
				DC0FC95317EBF4EF00945EEC /* WebNewsDataHandler.m */,
				DC0FC96217EC230700945EEC /* APIKeyViewController.h */,
				DC0FC96317EC230700945EEC /* APIKeyViewController.m */,
				DCF26DEA17CD617C0073DA19 /* Images.xcassets */,
				DCF26DDF17CD617C0073DA19 /* Supporting Files */,
			);
			path = "CSH WebNews";
			sourceTree = "<group>";
		};
		DCF26DDF17CD617C0073DA19 /* Supporting Files */ = {
			isa = PBXGroup;
			children = (
				DC9D24A0180BB2B10034E02B /* NSDictionary+Merge.h */,
				DC9D24A1180BB2B10034E02B /* NSDictionary+Merge.m */,
				DC0FC95E17EC1A4200945EEC /* MBProgressHUD */,
				DC22B1AB17EBDFD800E328DE /* ISO8601DateFormatter.h */,
				DC22B1AC17EBDFD800E328DE /* ISO8601DateFormatter.m */,
				DC22B1A017EBAFBC00E328DE /* PDKeychainBindingsController */,
				DCCAB06817EAB81C004B683B /* AFNetworking */,
				DCBE062217E000F1007BBF4C /* UIView+Positioning.h */,
				DCBE062317E000F1007BBF4C /* UIView+Positioning.m */,
				DCF26DE017CD617C0073DA19 /* CSH News-Info.plist */,
				DCF26DE117CD617C0073DA19 /* InfoPlist.strings */,
				DCF26DE417CD617C0073DA19 /* main.m */,
				DCF26DE617CD617C0073DA19 /* CSH News-Prefix.pch */,
			);
			name = "Supporting Files";
			sourceTree = "<group>";
		};
		DCF26DF717CD617C0073DA19 /* CSH WebNewsTests */ = {
			isa = PBXGroup;
			children = (
				DCF26DFD17CD617C0073DA19 /* CSH_WebNewsTests.m */,
				DCF26DF817CD617C0073DA19 /* Supporting Files */,
			);
			path = "CSH WebNewsTests";
			sourceTree = "<group>";
		};
		DCF26DF817CD617C0073DA19 /* Supporting Files */ = {
			isa = PBXGroup;
			children = (
				DCF26DF917CD617C0073DA19 /* CSH NewsTests-Info.plist */,
				DCF26DFA17CD617C0073DA19 /* InfoPlist.strings */,
			);
			name = "Supporting Files";
			sourceTree = "<group>";
		};
/* End PBXGroup section */

/* Begin PBXNativeTarget section */
		DCF26DD417CD617C0073DA19 /* CSH News */ = {
			isa = PBXNativeTarget;
			buildConfigurationList = DCF26E0117CD617C0073DA19 /* Build configuration list for PBXNativeTarget "CSH News" */;
			buildPhases = (
				DCF26DD117CD617C0073DA19 /* Sources */,
				DCF26DD217CD617C0073DA19 /* Frameworks */,
				DCF26DD317CD617C0073DA19 /* Resources */,
			);
			buildRules = (
			);
			dependencies = (
			);
			name = "CSH News";
			productName = "CSH WebNews";
			productReference = DCF26DD517CD617C0073DA19 /* CSH News.app */;
			productType = "com.apple.product-type.application";
		};
		DCF26DEF17CD617C0073DA19 /* CSH NewsTests */ = {
			isa = PBXNativeTarget;
			buildConfigurationList = DCF26E0417CD617C0073DA19 /* Build configuration list for PBXNativeTarget "CSH NewsTests" */;
			buildPhases = (
				DCF26DEC17CD617C0073DA19 /* Sources */,
				DCF26DED17CD617C0073DA19 /* Frameworks */,
				DCF26DEE17CD617C0073DA19 /* Resources */,
			);
			buildRules = (
			);
			dependencies = (
				DCF26DF617CD617C0073DA19 /* PBXTargetDependency */,
			);
			name = "CSH NewsTests";
			productName = "CSH WebNewsTests";
			productReference = DCF26DF017CD617C0073DA19 /* CSH NewsTests.xctest */;
			productType = "com.apple.product-type.bundle.unit-test";
		};
/* End PBXNativeTarget section */

/* Begin PBXProject section */
		DCF26DCD17CD617C0073DA19 /* Project object */ = {
			isa = PBXProject;
			attributes = {
				LastUpgradeCheck = 0500;
				ORGANIZATIONNAME = Haskins;
				TargetAttributes = {
					DCF26DD417CD617C0073DA19 = {
						SystemCapabilities = {
							com.apple.Keychain = {
								enabled = 1;
							};
						};
					};
					DCF26DEF17CD617C0073DA19 = {
						TestTargetID = DCF26DD417CD617C0073DA19;
					};
				};
			};
			buildConfigurationList = DCF26DD017CD617C0073DA19 /* Build configuration list for PBXProject "CSH News" */;
			compatibilityVersion = "Xcode 3.2";
			developmentRegion = English;
			hasScannedForEncodings = 0;
			knownRegions = (
				en,
			);
			mainGroup = DCF26DCC17CD617C0073DA19;
			productRefGroup = DCF26DD617CD617C0073DA19 /* Products */;
			projectDirPath = "";
			projectRoot = "";
			targets = (
				DCF26DD417CD617C0073DA19 /* CSH News */,
				DCF26DEF17CD617C0073DA19 /* CSH NewsTests */,
			);
		};
/* End PBXProject section */

/* Begin PBXResourcesBuildPhase section */
		DCF26DD317CD617C0073DA19 /* Resources */ = {
			isa = PBXResourcesBuildPhase;
			buildActionMask = 2147483647;
			files = (
				DCF26DE317CD617C0073DA19 /* InfoPlist.strings in Resources */,
				DCF26DEB17CD617C0073DA19 /* Images.xcassets in Resources */,
			);
			runOnlyForDeploymentPostprocessing = 0;
		};
		DCF26DEE17CD617C0073DA19 /* Resources */ = {
			isa = PBXResourcesBuildPhase;
			buildActionMask = 2147483647;
			files = (
				DCF26DFC17CD617C0073DA19 /* InfoPlist.strings in Resources */,
			);
			runOnlyForDeploymentPostprocessing = 0;
		};
/* End PBXResourcesBuildPhase section */

/* Begin PBXSourcesBuildPhase section */
		DCF26DD117CD617C0073DA19 /* Sources */ = {
			isa = PBXSourcesBuildPhase;
			buildActionMask = 2147483647;
			files = (
				DC0FC95D17EC17C100945EEC /* BoardViewController.m in Sources */,
				DCCAB07E17EAB81C004B683B /* AFImageRequestOperation.m in Sources */,
				DCF26DE917CD617C0073DA19 /* AppDelegate.m in Sources */,
				DC22B1A517EBAFBC00E328DE /* PDKeychainBindings.m in Sources */,
				DCCAB08317EAB81C004B683B /* AFXMLRequestOperation.m in Sources */,
				DCF26E0917CD62830073DA19 /* ActivityViewController.m in Sources */,
				DCCAB08417EAB81C004B683B /* UIImageView+AFNetworking.m in Sources */,
				DCCAB08217EAB81C004B683B /* AFURLConnectionOperation.m in Sources */,
				DCCAB08017EAB81C004B683B /* AFNetworkActivityIndicatorManager.m in Sources */,
				DC9D24A2180BB2B10034E02B /* NSDictionary+Merge.m in Sources */,
				DC0FC95417EBF4EF00945EEC /* WebNewsDataHandler.m in Sources */,
				DC22B1A917EBB00600E328DE /* SettingsViewController.m in Sources */,
				DCBE062417E000F1007BBF4C /* UIView+Positioning.m in Sources */,
				DC0FC95717EC0E1C00945EEC /* NewsgroupsViewController.m in Sources */,
				DCCAB07F17EAB81C004B683B /* AFJSONRequestOperation.m in Sources */,
				DC22B1A617EBAFBC00E328DE /* PDKeychainBindingsController.m in Sources */,
				DC0FC96117EC1A4200945EEC /* MBProgressHUD.m in Sources */,
				DC22B1AD17EBDFD800E328DE /* ISO8601DateFormatter.m in Sources */,
				DC0FC96417EC230700945EEC /* APIKeyViewController.m in Sources */,
				DCF26DE517CD617C0073DA19 /* main.m in Sources */,
				DCCAB08117EAB81C004B683B /* AFPropertyListRequestOperation.m in Sources */,
				DC0FC96717ECEF2500945EEC /* ThreadsViewController.m in Sources */,
				DCCAB07C17EAB81C004B683B /* AFHTTPClient.m in Sources */,
				DCCAB07D17EAB81C004B683B /* AFHTTPRequestOperation.m in Sources */,
			);
			runOnlyForDeploymentPostprocessing = 0;
		};
		DCF26DEC17CD617C0073DA19 /* Sources */ = {
			isa = PBXSourcesBuildPhase;
			buildActionMask = 2147483647;
			files = (
				DCF26DFE17CD617C0073DA19 /* CSH_WebNewsTests.m in Sources */,
			);
			runOnlyForDeploymentPostprocessing = 0;
		};
/* End PBXSourcesBuildPhase section */

/* Begin PBXTargetDependency section */
		DCF26DF617CD617C0073DA19 /* PBXTargetDependency */ = {
			isa = PBXTargetDependency;
			target = DCF26DD417CD617C0073DA19 /* CSH News */;
			targetProxy = DCF26DF517CD617C0073DA19 /* PBXContainerItemProxy */;
		};
/* End PBXTargetDependency section */

/* Begin PBXVariantGroup section */
		DCF26DE117CD617C0073DA19 /* InfoPlist.strings */ = {
			isa = PBXVariantGroup;
			children = (
				DCF26DE217CD617C0073DA19 /* en */,
			);
			name = InfoPlist.strings;
			sourceTree = "<group>";
		};
		DCF26DFA17CD617C0073DA19 /* InfoPlist.strings */ = {
			isa = PBXVariantGroup;
			children = (
				DCF26DFB17CD617C0073DA19 /* en */,
			);
			name = InfoPlist.strings;
			sourceTree = "<group>";
		};
/* End PBXVariantGroup section */

/* Begin XCBuildConfiguration section */
		DCF26DFF17CD617C0073DA19 /* Debug */ = {
			isa = XCBuildConfiguration;
			buildSettings = {
				ALWAYS_SEARCH_USER_PATHS = NO;
				CLANG_CXX_LANGUAGE_STANDARD = "gnu++0x";
				CLANG_CXX_LIBRARY = "libc++";
				CLANG_ENABLE_MODULES = YES;
				CLANG_ENABLE_OBJC_ARC = YES;
				CLANG_WARN_BOOL_CONVERSION = YES;
				CLANG_WARN_CONSTANT_CONVERSION = YES;
				CLANG_WARN_DIRECT_OBJC_ISA_USAGE = YES_ERROR;
				CLANG_WARN_EMPTY_BODY = YES;
				CLANG_WARN_ENUM_CONVERSION = YES;
				CLANG_WARN_INT_CONVERSION = YES;
				CLANG_WARN_OBJC_ROOT_CLASS = YES_ERROR;
				CLANG_WARN__DUPLICATE_METHOD_MATCH = YES;
				"CODE_SIGN_IDENTITY[sdk=iphoneos*]" = "iPhone Developer";
				COPY_PHASE_STRIP = NO;
				GCC_C_LANGUAGE_STANDARD = gnu99;
				GCC_DYNAMIC_NO_PIC = NO;
				GCC_OPTIMIZATION_LEVEL = 0;
				GCC_PREPROCESSOR_DEFINITIONS = (
					"DEBUG=1",
					"$(inherited)",
				);
				GCC_SYMBOLS_PRIVATE_EXTERN = NO;
				GCC_WARN_ABOUT_RETURN_TYPE = YES_ERROR;
				GCC_WARN_UNDECLARED_SELECTOR = YES;
				GCC_WARN_UNINITIALIZED_AUTOS = YES;
				GCC_WARN_UNUSED_FUNCTION = YES;
				GCC_WARN_UNUSED_VARIABLE = YES;
				IPHONEOS_DEPLOYMENT_TARGET = 7.0;
				ONLY_ACTIVE_ARCH = YES;
				SDKROOT = iphoneos;
			};
			name = Debug;
		};
		DCF26E0017CD617C0073DA19 /* Release */ = {
			isa = XCBuildConfiguration;
			buildSettings = {
				ALWAYS_SEARCH_USER_PATHS = NO;
				CLANG_CXX_LANGUAGE_STANDARD = "gnu++0x";
				CLANG_CXX_LIBRARY = "libc++";
				CLANG_ENABLE_MODULES = YES;
				CLANG_ENABLE_OBJC_ARC = YES;
				CLANG_WARN_BOOL_CONVERSION = YES;
				CLANG_WARN_CONSTANT_CONVERSION = YES;
				CLANG_WARN_DIRECT_OBJC_ISA_USAGE = YES_ERROR;
				CLANG_WARN_EMPTY_BODY = YES;
				CLANG_WARN_ENUM_CONVERSION = YES;
				CLANG_WARN_INT_CONVERSION = YES;
				CLANG_WARN_OBJC_ROOT_CLASS = YES_ERROR;
				CLANG_WARN__DUPLICATE_METHOD_MATCH = YES;
				"CODE_SIGN_IDENTITY[sdk=iphoneos*]" = "iPhone Developer";
				COPY_PHASE_STRIP = YES;
				ENABLE_NS_ASSERTIONS = NO;
				GCC_C_LANGUAGE_STANDARD = gnu99;
				GCC_WARN_ABOUT_RETURN_TYPE = YES_ERROR;
				GCC_WARN_UNDECLARED_SELECTOR = YES;
				GCC_WARN_UNINITIALIZED_AUTOS = YES;
				GCC_WARN_UNUSED_FUNCTION = YES;
				GCC_WARN_UNUSED_VARIABLE = YES;
				IPHONEOS_DEPLOYMENT_TARGET = 7.0;
				SDKROOT = iphoneos;
				VALIDATE_PRODUCT = YES;
			};
			name = Release;
		};
		DCF26E0217CD617C0073DA19 /* Debug */ = {
			isa = XCBuildConfiguration;
			buildSettings = {
				ASSETCATALOG_COMPILER_APPICON_NAME = AppIcon;
				ASSETCATALOG_COMPILER_LAUNCHIMAGE_NAME = LaunchImage;
				CODE_SIGN_ENTITLEMENTS = "CSH WebNews/CSH WebNews.entitlements";
				CODE_SIGN_IDENTITY = "iPhone Developer";
				GCC_PRECOMPILE_PREFIX_HEADER = YES;
				GCC_PREFIX_HEADER = "CSH WebNews/CSH News-Prefix.pch";
				INFOPLIST_FILE = "CSH WebNews/CSH News-Info.plist";
				IPHONEOS_DEPLOYMENT_TARGET = 6.0;
				PRODUCT_NAME = "CSH News";
				WRAPPER_EXTENSION = app;
			};
			name = Debug;
		};
		DCF26E0317CD617C0073DA19 /* Release */ = {
			isa = XCBuildConfiguration;
			buildSettings = {
				ASSETCATALOG_COMPILER_APPICON_NAME = AppIcon;
				ASSETCATALOG_COMPILER_LAUNCHIMAGE_NAME = LaunchImage;
				CODE_SIGN_ENTITLEMENTS = "CSH WebNews/CSH WebNews.entitlements";
				CODE_SIGN_IDENTITY = "iPhone Developer";
				GCC_PRECOMPILE_PREFIX_HEADER = YES;
				GCC_PREFIX_HEADER = "CSH WebNews/CSH News-Prefix.pch";
				INFOPLIST_FILE = "CSH WebNews/CSH News-Info.plist";
				IPHONEOS_DEPLOYMENT_TARGET = 6.0;
				PRODUCT_NAME = "CSH News";
				WRAPPER_EXTENSION = app;
			};
			name = Release;
		};
		DCF26E0517CD617C0073DA19 /* Debug */ = {
			isa = XCBuildConfiguration;
			buildSettings = {
				BUNDLE_LOADER = "$(BUILT_PRODUCTS_DIR)/CSH WebNews.app/CSH WebNews";
				FRAMEWORK_SEARCH_PATHS = (
					"$(SDKROOT)/Developer/Library/Frameworks",
					"$(inherited)",
					"$(DEVELOPER_FRAMEWORKS_DIR)",
				);
				GCC_PRECOMPILE_PREFIX_HEADER = YES;
				GCC_PREFIX_HEADER = "CSH WebNews/CSH WebNews-Prefix.pch";
				GCC_PREPROCESSOR_DEFINITIONS = (
					"DEBUG=1",
					"$(inherited)",
				);
				INFOPLIST_FILE = "CSH WebNewsTests/CSH NewsTests-Info.plist";
				PRODUCT_NAME = "CSH NewsTests";
				TEST_HOST = "$(BUNDLE_LOADER)";
				WRAPPER_EXTENSION = xctest;
			};
			name = Debug;
		};
		DCF26E0617CD617C0073DA19 /* Release */ = {
			isa = XCBuildConfiguration;
			buildSettings = {
				BUNDLE_LOADER = "$(BUILT_PRODUCTS_DIR)/CSH WebNews.app/CSH WebNews";
				FRAMEWORK_SEARCH_PATHS = (
					"$(SDKROOT)/Developer/Library/Frameworks",
					"$(inherited)",
					"$(DEVELOPER_FRAMEWORKS_DIR)",
				);
				GCC_PRECOMPILE_PREFIX_HEADER = YES;
				GCC_PREFIX_HEADER = "CSH WebNews/CSH WebNews-Prefix.pch";
				INFOPLIST_FILE = "CSH WebNewsTests/CSH NewsTests-Info.plist";
				PRODUCT_NAME = "CSH NewsTests";
				TEST_HOST = "$(BUNDLE_LOADER)";
				WRAPPER_EXTENSION = xctest;
			};
			name = Release;
		};
/* End XCBuildConfiguration section */

/* Begin XCConfigurationList section */
		DCF26DD017CD617C0073DA19 /* Build configuration list for PBXProject "CSH News" */ = {
			isa = XCConfigurationList;
			buildConfigurations = (
				DCF26DFF17CD617C0073DA19 /* Debug */,
				DCF26E0017CD617C0073DA19 /* Release */,
			);
			defaultConfigurationIsVisible = 0;
			defaultConfigurationName = Release;
		};
		DCF26E0117CD617C0073DA19 /* Build configuration list for PBXNativeTarget "CSH News" */ = {
			isa = XCConfigurationList;
			buildConfigurations = (
				DCF26E0217CD617C0073DA19 /* Debug */,
				DCF26E0317CD617C0073DA19 /* Release */,
			);
			defaultConfigurationIsVisible = 0;
			defaultConfigurationName = Release;
		};
		DCF26E0417CD617C0073DA19 /* Build configuration list for PBXNativeTarget "CSH NewsTests" */ = {
			isa = XCConfigurationList;
			buildConfigurations = (
				DCF26E0517CD617C0073DA19 /* Debug */,
				DCF26E0617CD617C0073DA19 /* Release */,
			);
			defaultConfigurationIsVisible = 0;
			defaultConfigurationName = Release;
		};
/* End XCConfigurationList section */
	};
	rootObject = DCF26DCD17CD617C0073DA19 /* Project object */;
}
